// !$*UTF8*$!
{
	archiveVersion = 1;
	classes = {
	};
	objectVersion = 46;
	objects = {

/* Begin PBXBuildFile section */
		0091D8F90E81B9330029341E /* OpenGL.framework in Frameworks */ = {isa = PBXBuildFile; fileRef = 0091D8F80E81B9330029341E /* OpenGL.framework */; };
		14AE91028D3E457C94F76ACD /* OscPrintReceivedElements.cpp in Sources */ = {isa = PBXBuildFile; fileRef = BAF253A52FD1499F8539D0F7 /* OscPrintReceivedElements.cpp */; };
		22197ED217F44B1B003B1883 /* GeneratorSineWave.cpp in Sources */ = {isa = PBXBuildFile; fileRef = 22197ECC17F44B1B003B1883 /* GeneratorSineWave.cpp */; };
		22197ED317F44B1B003B1883 /* GeneratorSineWave.cpp in Sources */ = {isa = PBXBuildFile; fileRef = 22197ECC17F44B1B003B1883 /* GeneratorSineWave.cpp */; };
		22197ED417F44B1B003B1883 /* Inlet.cpp in Sources */ = {isa = PBXBuildFile; fileRef = 22197ECD17F44B1B003B1883 /* Inlet.cpp */; };
		22197ED517F44B1B003B1883 /* Inlet.cpp in Sources */ = {isa = PBXBuildFile; fileRef = 22197ECD17F44B1B003B1883 /* Inlet.cpp */; };
		22197ED617F44B1B003B1883 /* Node.cpp in Sources */ = {isa = PBXBuildFile; fileRef = 22197ECE17F44B1B003B1883 /* Node.cpp */; };
		22197ED717F44B1B003B1883 /* Node.cpp in Sources */ = {isa = PBXBuildFile; fileRef = 22197ECE17F44B1B003B1883 /* Node.cpp */; };
		22197ED817F44B1B003B1883 /* Outlet.cpp in Sources */ = {isa = PBXBuildFile; fileRef = 22197ECF17F44B1B003B1883 /* Outlet.cpp */; };
		22197ED917F44B1B003B1883 /* Outlet.cpp in Sources */ = {isa = PBXBuildFile; fileRef = 22197ECF17F44B1B003B1883 /* Outlet.cpp */; };
		22197EDA17F44B1B003B1883 /* OutputOsc.cpp in Sources */ = {isa = PBXBuildFile; fileRef = 22197ED017F44B1B003B1883 /* OutputOsc.cpp */; };
		22197EDB17F44B1B003B1883 /* OutputOsc.cpp in Sources */ = {isa = PBXBuildFile; fileRef = 22197ED017F44B1B003B1883 /* OutputOsc.cpp */; };
		22197EDC17F44B1B003B1883 /* Pipeline.cpp in Sources */ = {isa = PBXBuildFile; fileRef = 22197ED117F44B1B003B1883 /* Pipeline.cpp */; };
		22197EDD17F44B1B003B1883 /* Pipeline.cpp in Sources */ = {isa = PBXBuildFile; fileRef = 22197ED117F44B1B003B1883 /* Pipeline.cpp */; };
		22197EDE17F44B4F003B1883 /* CinderOpenCV.h in Headers */ = {isa = PBXBuildFile; fileRef = A3BB0F5550B8469EB7C819ED /* CinderOpenCV.h */; };
		22197EE317F44B4F003B1883 /* IpEndpointName.cpp in Sources */ = {isa = PBXBuildFile; fileRef = F52E0884EA104563B765C094 /* IpEndpointName.cpp */; };
		22197EE417F44B4F003B1883 /* IpEndpointName.h in Headers */ = {isa = PBXBuildFile; fileRef = 1F5BCBB581BC487CB496A960 /* IpEndpointName.h */; };
		22197EE517F44B4F003B1883 /* NetworkingUtils.h in Headers */ = {isa = PBXBuildFile; fileRef = 2274DEF4B83E44D38B12614E /* NetworkingUtils.h */; };
		22197EE617F44B4F003B1883 /* PacketListener.h in Headers */ = {isa = PBXBuildFile; fileRef = 190469A09B9C4359B61715F5 /* PacketListener.h */; };
		22197EE717F44B4F003B1883 /* TimerListener.h in Headers */ = {isa = PBXBuildFile; fileRef = AF236C47E07A417F9F7A81D7 /* TimerListener.h */; };
		22197EE817F44B4F003B1883 /* UdpSocket.h in Headers */ = {isa = PBXBuildFile; fileRef = E96CC15C31A54B8B8D30B074 /* UdpSocket.h */; };
		22197EEF17F44B4F003B1883 /* MessageMappingOscPacketListener.h in Headers */ = {isa = PBXBuildFile; fileRef = 2D82E4E07408451887DC09BB /* MessageMappingOscPacketListener.h */; };
		22197EF017F44B4F003B1883 /* OscException.h in Headers */ = {isa = PBXBuildFile; fileRef = D95EFB8CF6E1441790F6F9E0 /* OscException.h */; };
		22197EF117F44B4F003B1883 /* OscHostEndianness.h in Headers */ = {isa = PBXBuildFile; fileRef = 8B41705BDB4F437F899186F7 /* OscHostEndianness.h */; };
		22197EF217F44B4F003B1883 /* OscOutboundPacketStream.h in Headers */ = {isa = PBXBuildFile; fileRef = 9DCEA716492547B396FEA488 /* OscOutboundPacketStream.h */; };
		22197EF317F44B4F003B1883 /* OscPacketListener.h in Headers */ = {isa = PBXBuildFile; fileRef = 217CFF40045345C49B48BFD3 /* OscPacketListener.h */; };
		22197EF417F44B4F003B1883 /* OscPrintReceivedElements.h in Headers */ = {isa = PBXBuildFile; fileRef = 06EC1943AD51497FB8F0BB97 /* OscPrintReceivedElements.h */; };
		22197EF517F44B4F003B1883 /* OscReceivedElements.h in Headers */ = {isa = PBXBuildFile; fileRef = F76A2E8059BE452BAE8C4270 /* OscReceivedElements.h */; };
		22197EF617F44B4F003B1883 /* OscTypes.h in Headers */ = {isa = PBXBuildFile; fileRef = 833FF891C262404D93C00D48 /* OscTypes.h */; };
		22197EF717F44B4F003B1883 /* OscArg.h in Headers */ = {isa = PBXBuildFile; fileRef = 5F238FBF13FA4A85966A5A89 /* OscArg.h */; };
		22197EF817F44B4F003B1883 /* OscBundle.h in Headers */ = {isa = PBXBuildFile; fileRef = 7D9EB33D127F4CA6AF985D2D /* OscBundle.h */; };
		22197EF917F44B4F003B1883 /* OscListener.h in Headers */ = {isa = PBXBuildFile; fileRef = 8BB9C6EC0FD44828BA81EF6F /* OscListener.h */; };
		22197EFA17F44B4F003B1883 /* OscMessage.h in Headers */ = {isa = PBXBuildFile; fileRef = 498C0072AC6647318164B760 /* OscMessage.h */; };
		22197EFB17F44B4F003B1883 /* OscSender.h in Headers */ = {isa = PBXBuildFile; fileRef = 61187A33DC904F65A91CFA6D /* OscSender.h */; };
		22197EFC17F44B54003B1883 /* Resources.h in Headers */ = {isa = PBXBuildFile; fileRef = E18406B5E23F4FE6B09BCDA7 /* Resources.h */; };
		22197F0517F44B76003B1883 /* GeneratorSineWave.h in Headers */ = {isa = PBXBuildFile; fileRef = 22197EFE17F44B76003B1883 /* GeneratorSineWave.h */; };
		22197F0617F44B76003B1883 /* Inlet.h in Headers */ = {isa = PBXBuildFile; fileRef = 22197EFF17F44B76003B1883 /* Inlet.h */; };
		22197F0717F44B76003B1883 /* Node.h in Headers */ = {isa = PBXBuildFile; fileRef = 22197F0017F44B76003B1883 /* Node.h */; };
		22197F0817F44B76003B1883 /* Outlet.h in Headers */ = {isa = PBXBuildFile; fileRef = 22197F0117F44B76003B1883 /* Outlet.h */; };
		22197F0917F44B76003B1883 /* OutputOsc.h in Headers */ = {isa = PBXBuildFile; fileRef = 22197F0217F44B76003B1883 /* OutputOsc.h */; };
		22197F0A17F44B76003B1883 /* Pipeline.h in Headers */ = {isa = PBXBuildFile; fileRef = 22197F0317F44B76003B1883 /* Pipeline.h */; };
		22197F0B17F44B76003B1883 /* Resources.h in Headers */ = {isa = PBXBuildFile; fileRef = 22197F0417F44B76003B1883 /* Resources.h */; };
		22197F1117F472F4003B1883 /* OscBundle.cpp in Sources */ = {isa = PBXBuildFile; fileRef = 971E0AC2F4364D21B058718F /* OscBundle.cpp */; };
		22197F1217F472F4003B1883 /* OscListener.cpp in Sources */ = {isa = PBXBuildFile; fileRef = 654BA4339A504E0DBB619D47 /* OscListener.cpp */; };
		22197F1317F472F4003B1883 /* OscMessage.cpp in Sources */ = {isa = PBXBuildFile; fileRef = C475A0063E924B01A67D0B00 /* OscMessage.cpp */; };
		22197F1417F472F4003B1883 /* OscSender.cpp in Sources */ = {isa = PBXBuildFile; fileRef = B3D62D1A13644681B0BF691A /* OscSender.cpp */; };
		22197F1517F47301003B1883 /* NetworkingUtils.cpp in Sources */ = {isa = PBXBuildFile; fileRef = 8243BE64E706494C8C11A0B8 /* NetworkingUtils.cpp */; };
		22197F1617F47301003B1883 /* UdpSocket.cpp in Sources */ = {isa = PBXBuildFile; fileRef = 091A1E3B4E6B409381228E3B /* UdpSocket.cpp */; };
		22197F1717F47306003B1883 /* OscOutboundPacketStream.cpp in Sources */ = {isa = PBXBuildFile; fileRef = 00D0B577A695452F8729F95B /* OscOutboundPacketStream.cpp */; };
		22197F1817F47306003B1883 /* OscPrintReceivedElements.cpp in Sources */ = {isa = PBXBuildFile; fileRef = BAF253A52FD1499F8539D0F7 /* OscPrintReceivedElements.cpp */; };
		22197F1917F47306003B1883 /* OscReceivedElements.cpp in Sources */ = {isa = PBXBuildFile; fileRef = BCA07E28394A4DE2A0C75053 /* OscReceivedElements.cpp */; };
		22197F1A17F47306003B1883 /* OscTypes.cpp in Sources */ = {isa = PBXBuildFile; fileRef = 245157AC12684402B9CE4270 /* OscTypes.cpp */; };
		22197F7A17F48EE3003B1883 /* Accelerate.framework in Frameworks */ = {isa = PBXBuildFile; fileRef = 22197F0C17F47293003B1883 /* Accelerate.framework */; };
		22197F7B17F48EE3003B1883 /* AudioToolbox.framework in Frameworks */ = {isa = PBXBuildFile; fileRef = 22197F0D17F47293003B1883 /* AudioToolbox.framework */; };
		22197F7C17F48EE3003B1883 /* AudioUnit.framework in Frameworks */ = {isa = PBXBuildFile; fileRef = 22197F0E17F47293003B1883 /* AudioUnit.framework */; };
		22197F7D17F48EE3003B1883 /* Cocoa.framework in Frameworks */ = {isa = PBXBuildFile; fileRef = 22197F0F17F47293003B1883 /* Cocoa.framework */; };
		22197F7E17F48EE3003B1883 /* CoreAudio.framework in Frameworks */ = {isa = PBXBuildFile; fileRef = 22197F1017F47293003B1883 /* CoreAudio.framework */; };
		22197F7F17F48EE3003B1883 /* AppKit.framework in Frameworks */ = {isa = PBXBuildFile; fileRef = 29B97324FDCFA39411CA2CEA /* AppKit.framework */; };
		22197F8017F48EE3003B1883 /* Foundation.framework in Frameworks */ = {isa = PBXBuildFile; fileRef = 29B97325FDCFA39411CA2CEA /* Foundation.framework */; };
		22197F8217F4900D003B1883 /* QTKit.framework in Frameworks */ = {isa = PBXBuildFile; fileRef = 22197F8117F4900D003B1883 /* QTKit.framework */; };
		22197F8417F49044003B1883 /* CoreVideo.framework in Frameworks */ = {isa = PBXBuildFile; fileRef = 22197F8317F49044003B1883 /* CoreVideo.framework */; };
		22197F8817F4A4F3003B1883 /* Data.cpp in Sources */ = {isa = PBXBuildFile; fileRef = 22197F8617F4A4F3003B1883 /* Data.cpp */; };
		22261AA8181574AC00DBA3F8 /* Common.cpp in Sources */ = {isa = PBXBuildFile; fileRef = 22261AA6181574AC00DBA3F8 /* Common.cpp */; };
		22261AA9181574AC00DBA3F8 /* Common.cpp in Sources */ = {isa = PBXBuildFile; fileRef = 22261AA6181574AC00DBA3F8 /* Common.cpp */; };
		22261AAD181577C800DBA3F8 /* OutputConsolePrinter.cpp in Sources */ = {isa = PBXBuildFile; fileRef = 22261AAB181577C800DBA3F8 /* OutputConsolePrinter.cpp */; };
		22261AAE181577C800DBA3F8 /* OutputConsolePrinter.cpp in Sources */ = {isa = PBXBuildFile; fileRef = 22261AAB181577C800DBA3F8 /* OutputConsolePrinter.cpp */; };
		22261AAF181577C800DBA3F8 /* OutputConsolePrinter.h in Headers */ = {isa = PBXBuildFile; fileRef = 22261AAC181577C800DBA3F8 /* OutputConsolePrinter.h */; };
		22293670181586F2008CAA09 /* HarmonicMotion.h in Headers */ = {isa = PBXBuildFile; fileRef = 2229366F181586F2008CAA09 /* HarmonicMotion.h */; };
		22293672181591A2008CAA09 /* Skeleton3d.h in Headers */ = {isa = PBXBuildFile; fileRef = 22293671181591A2008CAA09 /* Skeleton3d.h */; };
		22293674181591AD008CAA09 /* Skeleton3d.cpp in Sources */ = {isa = PBXBuildFile; fileRef = 22293673181591AD008CAA09 /* Skeleton3d.cpp */; };
		22293675181591AD008CAA09 /* Skeleton3d.cpp in Sources */ = {isa = PBXBuildFile; fileRef = 22293673181591AD008CAA09 /* Skeleton3d.cpp */; };
		2229367618159B01008CAA09 /* Common.h in Headers */ = {isa = PBXBuildFile; fileRef = 22197F8517F4996F003B1883 /* Common.h */; };
		2B41AEC331B745E09E98D885 /* OscListener.cpp in Sources */ = {isa = PBXBuildFile; fileRef = 654BA4339A504E0DBB619D47 /* OscListener.cpp */; };
		37D41E82A9CA4ABC821C0896 /* UdpSocket.cpp in Sources */ = {isa = PBXBuildFile; fileRef = 091A1E3B4E6B409381228E3B /* UdpSocket.cpp */; };
		3BF7EB33D4B941098C9E056D /* OscSender.cpp in Sources */ = {isa = PBXBuildFile; fileRef = B3D62D1A13644681B0BF691A /* OscSender.cpp */; };
		757F077DABA7415EB988676F /* OscBundle.cpp in Sources */ = {isa = PBXBuildFile; fileRef = 971E0AC2F4364D21B058718F /* OscBundle.cpp */; };
		7E032153AEB04570800DF749 /* IpEndpointName.cpp in Sources */ = {isa = PBXBuildFile; fileRef = F52E0884EA104563B765C094 /* IpEndpointName.cpp */; };
		93FF82F99FA24357B6E6A466 /* CinderApp.icns in Resources */ = {isa = PBXBuildFile; fileRef = 30C86A9766774100B26992D5 /* CinderApp.icns */; };
		9E4FA58CE7D04C19BD3F3283 /* OscReceivedElements.cpp in Sources */ = {isa = PBXBuildFile; fileRef = BCA07E28394A4DE2A0C75053 /* OscReceivedElements.cpp */; };
		B1B4A3FF90E94360BFE023CC /* OscTypes.cpp in Sources */ = {isa = PBXBuildFile; fileRef = 245157AC12684402B9CE4270 /* OscTypes.cpp */; };
		B8E4FA98F66F42B883191911 /* OscMessage.cpp in Sources */ = {isa = PBXBuildFile; fileRef = C475A0063E924B01A67D0B00 /* OscMessage.cpp */; };
		C2452C7EE2C14005A7CCF7C3 /* OscOutboundPacketStream.cpp in Sources */ = {isa = PBXBuildFile; fileRef = 00D0B577A695452F8729F95B /* OscOutboundPacketStream.cpp */; };
		D446572B6E354FF8A1195B97 /* NetworkingUtils.cpp in Sources */ = {isa = PBXBuildFile; fileRef = 8243BE64E706494C8C11A0B8 /* NetworkingUtils.cpp */; };
		D8747D8A237442168BF330E1 /* HarmonicMotionApp.cpp in Sources */ = {isa = PBXBuildFile; fileRef = 3B0763F2032F4188AD240FD9 /* HarmonicMotionApp.cpp */; };
/* End PBXBuildFile section */

/* Begin PBXFileReference section */
		0091D8F80E81B9330029341E /* OpenGL.framework */ = {isa = PBXFileReference; lastKnownFileType = wrapper.framework; name = OpenGL.framework; path = /System/Library/Frameworks/OpenGL.framework; sourceTree = "<absolute>"; };
		00D0B577A695452F8729F95B /* OscOutboundPacketStream.cpp */ = {isa = PBXFileReference; lastKnownFileType = sourcecode.c.cpp; name = OscOutboundPacketStream.cpp; path = ../../Cinder/blocks/OSC/src/osc/OscOutboundPacketStream.cpp; sourceTree = "<group>"; };
		06EC1943AD51497FB8F0BB97 /* OscPrintReceivedElements.h */ = {isa = PBXFileReference; lastKnownFileType = sourcecode.c.h; name = OscPrintReceivedElements.h; path = ../../Cinder/blocks/OSC/src/osc/OscPrintReceivedElements.h; sourceTree = "<group>"; };
		091A1E3B4E6B409381228E3B /* UdpSocket.cpp */ = {isa = PBXFileReference; lastKnownFileType = sourcecode.c.cpp; name = UdpSocket.cpp; path = ../../Cinder/blocks/OSC/src/ip/posix/UdpSocket.cpp; sourceTree = "<group>"; };
		190469A09B9C4359B61715F5 /* PacketListener.h */ = {isa = PBXFileReference; lastKnownFileType = sourcecode.c.h; name = PacketListener.h; path = ../../Cinder/blocks/OSC/src/ip/PacketListener.h; sourceTree = "<group>"; };
		1F5BCBB581BC487CB496A960 /* IpEndpointName.h */ = {isa = PBXFileReference; lastKnownFileType = sourcecode.c.h; name = IpEndpointName.h; path = ../../Cinder/blocks/OSC/src/ip/IpEndpointName.h; sourceTree = "<group>"; };
		217CFF40045345C49B48BFD3 /* OscPacketListener.h */ = {isa = PBXFileReference; lastKnownFileType = sourcecode.c.h; name = OscPacketListener.h; path = ../../Cinder/blocks/OSC/src/osc/OscPacketListener.h; sourceTree = "<group>"; };
		22197EC717F447BF003B1883 /* libHarmonicMotionLibd.a */ = {isa = PBXFileReference; explicitFileType = archive.ar; includeInIndex = 0; name = libHarmonicMotionLibd.a; path = libHarmonicMotiond.a; sourceTree = BUILT_PRODUCTS_DIR; };
		22197ECC17F44B1B003B1883 /* GeneratorSineWave.cpp */ = {isa = PBXFileReference; fileEncoding = 4; lastKnownFileType = sourcecode.cpp.cpp; path = GeneratorSineWave.cpp; sourceTree = "<group>"; };
		22197ECD17F44B1B003B1883 /* Inlet.cpp */ = {isa = PBXFileReference; fileEncoding = 4; lastKnownFileType = sourcecode.cpp.cpp; path = Inlet.cpp; sourceTree = "<group>"; };
		22197ECE17F44B1B003B1883 /* Node.cpp */ = {isa = PBXFileReference; fileEncoding = 4; lastKnownFileType = sourcecode.cpp.cpp; path = Node.cpp; sourceTree = "<group>"; };
		22197ECF17F44B1B003B1883 /* Outlet.cpp */ = {isa = PBXFileReference; fileEncoding = 4; lastKnownFileType = sourcecode.cpp.cpp; path = Outlet.cpp; sourceTree = "<group>"; };
		22197ED017F44B1B003B1883 /* OutputOsc.cpp */ = {isa = PBXFileReference; fileEncoding = 4; lastKnownFileType = sourcecode.cpp.cpp; path = OutputOsc.cpp; sourceTree = "<group>"; };
		22197ED117F44B1B003B1883 /* Pipeline.cpp */ = {isa = PBXFileReference; fileEncoding = 4; lastKnownFileType = sourcecode.cpp.cpp; path = Pipeline.cpp; sourceTree = "<group>"; };
		22197EFE17F44B76003B1883 /* GeneratorSineWave.h */ = {isa = PBXFileReference; fileEncoding = 4; lastKnownFileType = sourcecode.c.h; name = GeneratorSineWave.h; path = ../include/GeneratorSineWave.h; sourceTree = "<group>"; };
		22197EFF17F44B76003B1883 /* Inlet.h */ = {isa = PBXFileReference; fileEncoding = 4; lastKnownFileType = sourcecode.c.h; name = Inlet.h; path = ../include/Inlet.h; sourceTree = "<group>"; };
		22197F0017F44B76003B1883 /* Node.h */ = {isa = PBXFileReference; fileEncoding = 4; lastKnownFileType = sourcecode.c.h; name = Node.h; path = ../include/Node.h; sourceTree = "<group>"; };
		22197F0117F44B76003B1883 /* Outlet.h */ = {isa = PBXFileReference; fileEncoding = 4; lastKnownFileType = sourcecode.c.h; name = Outlet.h; path = ../include/Outlet.h; sourceTree = "<group>"; };
		22197F0217F44B76003B1883 /* OutputOsc.h */ = {isa = PBXFileReference; fileEncoding = 4; lastKnownFileType = sourcecode.c.h; name = OutputOsc.h; path = ../include/OutputOsc.h; sourceTree = "<group>"; };
		22197F0317F44B76003B1883 /* Pipeline.h */ = {isa = PBXFileReference; fileEncoding = 4; lastKnownFileType = sourcecode.c.h; name = Pipeline.h; path = ../include/Pipeline.h; sourceTree = "<group>"; };
		22197F0417F44B76003B1883 /* Resources.h */ = {isa = PBXFileReference; fileEncoding = 4; lastKnownFileType = sourcecode.c.h; name = Resources.h; path = ../include/Resources.h; sourceTree = "<group>"; };
		22197F0C17F47293003B1883 /* Accelerate.framework */ = {isa = PBXFileReference; lastKnownFileType = wrapper.framework; name = Accelerate.framework; path = ../../../../../../System/Library/Frameworks/Accelerate.framework; sourceTree = "<group>"; };
		22197F0D17F47293003B1883 /* AudioToolbox.framework */ = {isa = PBXFileReference; lastKnownFileType = wrapper.framework; name = AudioToolbox.framework; path = ../../../../../../System/Library/Frameworks/AudioToolbox.framework; sourceTree = "<group>"; };
		22197F0E17F47293003B1883 /* AudioUnit.framework */ = {isa = PBXFileReference; lastKnownFileType = wrapper.framework; name = AudioUnit.framework; path = ../../../../../../System/Library/Frameworks/AudioUnit.framework; sourceTree = "<group>"; };
		22197F0F17F47293003B1883 /* Cocoa.framework */ = {isa = PBXFileReference; lastKnownFileType = wrapper.framework; name = Cocoa.framework; path = ../../../../../../System/Library/Frameworks/Cocoa.framework; sourceTree = "<group>"; };
		22197F1017F47293003B1883 /* CoreAudio.framework */ = {isa = PBXFileReference; lastKnownFileType = wrapper.framework; name = CoreAudio.framework; path = ../../../../../../System/Library/Frameworks/CoreAudio.framework; sourceTree = "<group>"; };
		22197F8117F4900D003B1883 /* QTKit.framework */ = {isa = PBXFileReference; lastKnownFileType = wrapper.framework; name = QTKit.framework; path = ../../../../../../System/Library/Frameworks/QTKit.framework; sourceTree = "<group>"; };
		22197F8317F49044003B1883 /* CoreVideo.framework */ = {isa = PBXFileReference; lastKnownFileType = wrapper.framework; name = CoreVideo.framework; path = ../../../../../../System/Library/Frameworks/CoreVideo.framework; sourceTree = "<group>"; };
		22197F8517F4996F003B1883 /* Common.h */ = {isa = PBXFileReference; lastKnownFileType = sourcecode.c.h; name = Common.h; path = ../include/Common.h; sourceTree = "<group>"; };
		22197F8617F4A4F3003B1883 /* Data.cpp */ = {isa = PBXFileReference; fileEncoding = 4; lastKnownFileType = sourcecode.cpp.cpp; path = Data.cpp; sourceTree = "<group>"; };
		22197F8717F4A4F3003B1883 /* Data.h */ = {isa = PBXFileReference; fileEncoding = 4; lastKnownFileType = sourcecode.c.h; name = Data.h; path = ../include/Data.h; sourceTree = "<group>"; };
		22261AA6181574AC00DBA3F8 /* Common.cpp */ = {isa = PBXFileReference; fileEncoding = 4; lastKnownFileType = sourcecode.cpp.cpp; path = Common.cpp; sourceTree = "<group>"; };
		22261AAB181577C800DBA3F8 /* OutputConsolePrinter.cpp */ = {isa = PBXFileReference; fileEncoding = 4; lastKnownFileType = sourcecode.cpp.cpp; path = OutputConsolePrinter.cpp; sourceTree = "<group>"; };
		22261AAC181577C800DBA3F8 /* OutputConsolePrinter.h */ = {isa = PBXFileReference; fileEncoding = 4; lastKnownFileType = sourcecode.c.h; path = OutputConsolePrinter.h; sourceTree = "<group>"; };
		2229366F181586F2008CAA09 /* HarmonicMotion.h */ = {isa = PBXFileReference; fileEncoding = 4; lastKnownFileType = sourcecode.c.h; name = HarmonicMotion.h; path = ../include/HarmonicMotion.h; sourceTree = "<group>"; };
		22293671181591A2008CAA09 /* Skeleton3d.h */ = {isa = PBXFileReference; fileEncoding = 4; lastKnownFileType = sourcecode.c.h; name = Skeleton3d.h; path = ../include/Skeleton3d.h; sourceTree = "<group>"; };
		22293673181591AD008CAA09 /* Skeleton3d.cpp */ = {isa = PBXFileReference; fileEncoding = 4; lastKnownFileType = sourcecode.cpp.cpp; path = Skeleton3d.cpp; sourceTree = "<group>"; };
		2274DEF4B83E44D38B12614E /* NetworkingUtils.h */ = {isa = PBXFileReference; lastKnownFileType = sourcecode.c.h; name = NetworkingUtils.h; path = ../../Cinder/blocks/OSC/src/ip/NetworkingUtils.h; sourceTree = "<group>"; };
		245157AC12684402B9CE4270 /* OscTypes.cpp */ = {isa = PBXFileReference; lastKnownFileType = sourcecode.c.cpp; name = OscTypes.cpp; path = ../../Cinder/blocks/OSC/src/osc/OscTypes.cpp; sourceTree = "<group>"; };
		29B97324FDCFA39411CA2CEA /* AppKit.framework */ = {isa = PBXFileReference; lastKnownFileType = wrapper.framework; name = AppKit.framework; path = /System/Library/Frameworks/AppKit.framework; sourceTree = "<absolute>"; };
		29B97325FDCFA39411CA2CEA /* Foundation.framework */ = {isa = PBXFileReference; lastKnownFileType = wrapper.framework; name = Foundation.framework; path = /System/Library/Frameworks/Foundation.framework; sourceTree = "<absolute>"; };
		2D82E4E07408451887DC09BB /* MessageMappingOscPacketListener.h */ = {isa = PBXFileReference; lastKnownFileType = sourcecode.c.h; name = MessageMappingOscPacketListener.h; path = ../../Cinder/blocks/OSC/src/osc/MessageMappingOscPacketListener.h; sourceTree = "<group>"; };
		30C86A9766774100B26992D5 /* CinderApp.icns */ = {isa = PBXFileReference; lastKnownFileType = image.icns; name = CinderApp.icns; path = ../resources/CinderApp.icns; sourceTree = "<group>"; };
		3B0763F2032F4188AD240FD9 /* HarmonicMotionApp.cpp */ = {isa = PBXFileReference; lastKnownFileType = sourcecode.c.cpp; name = HarmonicMotionApp.cpp; path = ../src/HarmonicMotionApp.cpp; sourceTree = "<group>"; };
		3D4E9ABC9ACD428BBF3DDEA7 /* Info.plist */ = {isa = PBXFileReference; lastKnownFileType = text.plist.xml; path = Info.plist; sourceTree = "<group>"; };
		498C0072AC6647318164B760 /* OscMessage.h */ = {isa = PBXFileReference; lastKnownFileType = sourcecode.c.h; name = OscMessage.h; path = ../../Cinder/blocks/OSC/src/OscMessage.h; sourceTree = "<group>"; };
		567058A301B142BDBF7A2AEE /* HarmonicMotion_Prefix.pch */ = {isa = PBXFileReference; lastKnownFileType = "\"\""; path = HarmonicMotion_Prefix.pch; sourceTree = "<group>"; };
		5F238FBF13FA4A85966A5A89 /* OscArg.h */ = {isa = PBXFileReference; lastKnownFileType = sourcecode.c.h; name = OscArg.h; path = ../../Cinder/blocks/OSC/src/OscArg.h; sourceTree = "<group>"; };
		61187A33DC904F65A91CFA6D /* OscSender.h */ = {isa = PBXFileReference; lastKnownFileType = sourcecode.c.h; name = OscSender.h; path = ../../Cinder/blocks/OSC/src/OscSender.h; sourceTree = "<group>"; };
		654BA4339A504E0DBB619D47 /* OscListener.cpp */ = {isa = PBXFileReference; lastKnownFileType = sourcecode.c.cpp; name = OscListener.cpp; path = ../../Cinder/blocks/OSC/src/OscListener.cpp; sourceTree = "<group>"; };
		7D9EB33D127F4CA6AF985D2D /* OscBundle.h */ = {isa = PBXFileReference; lastKnownFileType = sourcecode.c.h; name = OscBundle.h; path = ../../Cinder/blocks/OSC/src/OscBundle.h; sourceTree = "<group>"; };
		8243BE64E706494C8C11A0B8 /* NetworkingUtils.cpp */ = {isa = PBXFileReference; lastKnownFileType = sourcecode.c.cpp; name = NetworkingUtils.cpp; path = ../../Cinder/blocks/OSC/src/ip/posix/NetworkingUtils.cpp; sourceTree = "<group>"; };
		833FF891C262404D93C00D48 /* OscTypes.h */ = {isa = PBXFileReference; lastKnownFileType = sourcecode.c.h; name = OscTypes.h; path = ../../Cinder/blocks/OSC/src/osc/OscTypes.h; sourceTree = "<group>"; };
		8B41705BDB4F437F899186F7 /* OscHostEndianness.h */ = {isa = PBXFileReference; lastKnownFileType = sourcecode.c.h; name = OscHostEndianness.h; path = ../../Cinder/blocks/OSC/src/osc/OscHostEndianness.h; sourceTree = "<group>"; };
		8BB9C6EC0FD44828BA81EF6F /* OscListener.h */ = {isa = PBXFileReference; lastKnownFileType = sourcecode.c.h; name = OscListener.h; path = ../../Cinder/blocks/OSC/src/OscListener.h; sourceTree = "<group>"; };
		8D1107320486CEB800E47090 /* HarmonicMotion.app */ = {isa = PBXFileReference; explicitFileType = wrapper.application; includeInIndex = 0; path = HarmonicMotion.app; sourceTree = BUILT_PRODUCTS_DIR; };
		971E0AC2F4364D21B058718F /* OscBundle.cpp */ = {isa = PBXFileReference; lastKnownFileType = sourcecode.c.cpp; name = OscBundle.cpp; path = ../../Cinder/blocks/OSC/src/OscBundle.cpp; sourceTree = "<group>"; };
		9DCEA716492547B396FEA488 /* OscOutboundPacketStream.h */ = {isa = PBXFileReference; lastKnownFileType = sourcecode.c.h; name = OscOutboundPacketStream.h; path = ../../Cinder/blocks/OSC/src/osc/OscOutboundPacketStream.h; sourceTree = "<group>"; };
		A3BB0F5550B8469EB7C819ED /* CinderOpenCV.h */ = {isa = PBXFileReference; lastKnownFileType = sourcecode.c.h; name = CinderOpenCV.h; path = "../../Cinder/blocks/Cinder-OpenCV/include/CinderOpenCV.h"; sourceTree = "<group>"; };
		AF236C47E07A417F9F7A81D7 /* TimerListener.h */ = {isa = PBXFileReference; lastKnownFileType = sourcecode.c.h; name = TimerListener.h; path = ../../Cinder/blocks/OSC/src/ip/TimerListener.h; sourceTree = "<group>"; };
		B3D62D1A13644681B0BF691A /* OscSender.cpp */ = {isa = PBXFileReference; lastKnownFileType = sourcecode.c.cpp; name = OscSender.cpp; path = ../../Cinder/blocks/OSC/src/OscSender.cpp; sourceTree = "<group>"; };
		BAF253A52FD1499F8539D0F7 /* OscPrintReceivedElements.cpp */ = {isa = PBXFileReference; lastKnownFileType = sourcecode.c.cpp; name = OscPrintReceivedElements.cpp; path = ../../Cinder/blocks/OSC/src/osc/OscPrintReceivedElements.cpp; sourceTree = "<group>"; };
		BCA07E28394A4DE2A0C75053 /* OscReceivedElements.cpp */ = {isa = PBXFileReference; lastKnownFileType = sourcecode.c.cpp; name = OscReceivedElements.cpp; path = ../../Cinder/blocks/OSC/src/osc/OscReceivedElements.cpp; sourceTree = "<group>"; };
		C475A0063E924B01A67D0B00 /* OscMessage.cpp */ = {isa = PBXFileReference; lastKnownFileType = sourcecode.c.cpp; name = OscMessage.cpp; path = ../../Cinder/blocks/OSC/src/OscMessage.cpp; sourceTree = "<group>"; };
		D95EFB8CF6E1441790F6F9E0 /* OscException.h */ = {isa = PBXFileReference; lastKnownFileType = sourcecode.c.h; name = OscException.h; path = ../../Cinder/blocks/OSC/src/osc/OscException.h; sourceTree = "<group>"; };
		E18406B5E23F4FE6B09BCDA7 /* Resources.h */ = {isa = PBXFileReference; lastKnownFileType = sourcecode.c.h; name = Resources.h; path = ../include/Resources.h; sourceTree = "<group>"; };
		E96CC15C31A54B8B8D30B074 /* UdpSocket.h */ = {isa = PBXFileReference; lastKnownFileType = sourcecode.c.h; name = UdpSocket.h; path = ../../Cinder/blocks/OSC/src/ip/UdpSocket.h; sourceTree = "<group>"; };
		F52E0884EA104563B765C094 /* IpEndpointName.cpp */ = {isa = PBXFileReference; lastKnownFileType = sourcecode.c.cpp; name = IpEndpointName.cpp; path = ../../Cinder/blocks/OSC/src/ip/IpEndpointName.cpp; sourceTree = "<group>"; };
		F76A2E8059BE452BAE8C4270 /* OscReceivedElements.h */ = {isa = PBXFileReference; lastKnownFileType = sourcecode.c.h; name = OscReceivedElements.h; path = ../../Cinder/blocks/OSC/src/osc/OscReceivedElements.h; sourceTree = "<group>"; };
/* End PBXFileReference section */

/* Begin PBXFrameworksBuildPhase section */
		22197EC417F447BF003B1883 /* Frameworks */ = {
			isa = PBXFrameworksBuildPhase;
			buildActionMask = 2147483647;
			files = (
			);
			runOnlyForDeploymentPostprocessing = 0;
		};
		8D11072E0486CEB800E47090 /* Frameworks */ = {
			isa = PBXFrameworksBuildPhase;
			buildActionMask = 2147483647;
			files = (
				0091D8F90E81B9330029341E /* OpenGL.framework in Frameworks */,
				22197F7A17F48EE3003B1883 /* Accelerate.framework in Frameworks */,
				22197F7B17F48EE3003B1883 /* AudioToolbox.framework in Frameworks */,
				22197F7C17F48EE3003B1883 /* AudioUnit.framework in Frameworks */,
				22197F7D17F48EE3003B1883 /* Cocoa.framework in Frameworks */,
				22197F7E17F48EE3003B1883 /* CoreAudio.framework in Frameworks */,
				22197F7F17F48EE3003B1883 /* AppKit.framework in Frameworks */,
				22197F8017F48EE3003B1883 /* Foundation.framework in Frameworks */,
				22197F8217F4900D003B1883 /* QTKit.framework in Frameworks */,
				22197F8417F49044003B1883 /* CoreVideo.framework in Frameworks */,
			);
			runOnlyForDeploymentPostprocessing = 0;
		};
/* End PBXFrameworksBuildPhase section */

/* Begin PBXGroup section */
		01B97315FEAEA392516A2CEA /* Blocks */ = {
			isa = PBXGroup;
			children = (
				3E1B627D8C29456B99089C0D /* OpenCV */,
				8E494CC51768440C911EBE92 /* OSC */,
			);
			name = Blocks;
			sourceTree = "<group>";
		};
		080E96DDFE201D6D7F000001 /* Source */ = {
			isa = PBXGroup;
			children = (
				22293671181591A2008CAA09 /* Skeleton3d.h */,
				22293673181591AD008CAA09 /* Skeleton3d.cpp */,
				2229366F181586F2008CAA09 /* HarmonicMotion.h */,
				22197ECC17F44B1B003B1883 /* GeneratorSineWave.cpp */,
				22197EFE17F44B76003B1883 /* GeneratorSineWave.h */,
				3B0763F2032F4188AD240FD9 /* HarmonicMotionApp.cpp */,
				22197ECD17F44B1B003B1883 /* Inlet.cpp */,
				22197EFF17F44B76003B1883 /* Inlet.h */,
				22197ECE17F44B1B003B1883 /* Node.cpp */,
				22197F0017F44B76003B1883 /* Node.h */,
				22197ECF17F44B1B003B1883 /* Outlet.cpp */,
				22197F0117F44B76003B1883 /* Outlet.h */,
				22197ED017F44B1B003B1883 /* OutputOsc.cpp */,
				22197F0217F44B76003B1883 /* OutputOsc.h */,
				22197ED117F44B1B003B1883 /* Pipeline.cpp */,
				22197F0317F44B76003B1883 /* Pipeline.h */,
				22197F0417F44B76003B1883 /* Resources.h */,
				22261AA6181574AC00DBA3F8 /* Common.cpp */,
				22197F8517F4996F003B1883 /* Common.h */,
				22197F8617F4A4F3003B1883 /* Data.cpp */,
				22197F8717F4A4F3003B1883 /* Data.h */,
				22261AAB181577C800DBA3F8 /* OutputConsolePrinter.cpp */,
				22261AAC181577C800DBA3F8 /* OutputConsolePrinter.h */,
			);
			name = Source;
			path = ../src;
			sourceTree = "<group>";
		};
		1058C7A0FEA54F0111CA2CBB /* Linked Frameworks */ = {
			isa = PBXGroup;
			children = (
				22197F8317F49044003B1883 /* CoreVideo.framework */,
				22197F8117F4900D003B1883 /* QTKit.framework */,
				22197F0C17F47293003B1883 /* Accelerate.framework */,
				22197F0D17F47293003B1883 /* AudioToolbox.framework */,
				22197F0E17F47293003B1883 /* AudioUnit.framework */,
				22197F0F17F47293003B1883 /* Cocoa.framework */,
				22197F1017F47293003B1883 /* CoreAudio.framework */,
				0091D8F80E81B9330029341E /* OpenGL.framework */,
			);
			name = "Linked Frameworks";
			sourceTree = "<group>";
		};
		1058C7A2FEA54F0111CA2CBB /* Other Frameworks */ = {
			isa = PBXGroup;
			children = (
				29B97324FDCFA39411CA2CEA /* AppKit.framework */,
				29B97325FDCFA39411CA2CEA /* Foundation.framework */,
			);
			name = "Other Frameworks";
			sourceTree = "<group>";
		};
		176A4D25A7374107ACED610E /* osc */ = {
			isa = PBXGroup;
			children = (
				00D0B577A695452F8729F95B /* OscOutboundPacketStream.cpp */,
				BAF253A52FD1499F8539D0F7 /* OscPrintReceivedElements.cpp */,
				BCA07E28394A4DE2A0C75053 /* OscReceivedElements.cpp */,
				245157AC12684402B9CE4270 /* OscTypes.cpp */,
				2D82E4E07408451887DC09BB /* MessageMappingOscPacketListener.h */,
				D95EFB8CF6E1441790F6F9E0 /* OscException.h */,
				8B41705BDB4F437F899186F7 /* OscHostEndianness.h */,
				9DCEA716492547B396FEA488 /* OscOutboundPacketStream.h */,
				217CFF40045345C49B48BFD3 /* OscPacketListener.h */,
				06EC1943AD51497FB8F0BB97 /* OscPrintReceivedElements.h */,
				F76A2E8059BE452BAE8C4270 /* OscReceivedElements.h */,
				833FF891C262404D93C00D48 /* OscTypes.h */,
			);
			name = osc;
			sourceTree = "<group>";
		};
		19C28FACFE9D520D11CA2CBB /* Products */ = {
			isa = PBXGroup;
			children = (
				8D1107320486CEB800E47090 /* HarmonicMotion.app */,
				22197EC717F447BF003B1883 /* libHarmonicMotionLibd.a */,
			);
			name = Products;
			sourceTree = "<group>";
		};
		1D7C21A11193413BAF4F21D5 /* posix */ = {
			isa = PBXGroup;
			children = (
				8243BE64E706494C8C11A0B8 /* NetworkingUtils.cpp */,
				091A1E3B4E6B409381228E3B /* UdpSocket.cpp */,
			);
			name = posix;
			sourceTree = "<group>";
		};
		29B97314FDCFA39411CA2CEA /* HarmonicMotion */ = {
			isa = PBXGroup;
			children = (
				01B97315FEAEA392516A2CEA /* Blocks */,
				29B97315FDCFA39411CA2CEA /* Headers */,
				080E96DDFE201D6D7F000001 /* Source */,
				29B97317FDCFA39411CA2CEA /* Resources */,
				29B97323FDCFA39411CA2CEA /* Frameworks */,
				19C28FACFE9D520D11CA2CBB /* Products */,
			);
			name = HarmonicMotion;
			sourceTree = "<group>";
		};
		29B97315FDCFA39411CA2CEA /* Headers */ = {
			isa = PBXGroup;
			children = (
				E18406B5E23F4FE6B09BCDA7 /* Resources.h */,
				567058A301B142BDBF7A2AEE /* HarmonicMotion_Prefix.pch */,
			);
			name = Headers;
			sourceTree = "<group>";
		};
		29B97317FDCFA39411CA2CEA /* Resources */ = {
			isa = PBXGroup;
			children = (
				30C86A9766774100B26992D5 /* CinderApp.icns */,
				3D4E9ABC9ACD428BBF3DDEA7 /* Info.plist */,
			);
			name = Resources;
			sourceTree = "<group>";
		};
		29B97323FDCFA39411CA2CEA /* Frameworks */ = {
			isa = PBXGroup;
			children = (
				1058C7A0FEA54F0111CA2CBB /* Linked Frameworks */,
				1058C7A2FEA54F0111CA2CBB /* Other Frameworks */,
			);
			name = Frameworks;
			sourceTree = "<group>";
		};
		3E1B627D8C29456B99089C0D /* OpenCV */ = {
			isa = PBXGroup;
			children = (
				42E71FC3D5664AD78E3E0481 /* include */,
			);
			name = OpenCV;
			sourceTree = "<group>";
		};
		42E71FC3D5664AD78E3E0481 /* include */ = {
			isa = PBXGroup;
			children = (
				A3BB0F5550B8469EB7C819ED /* CinderOpenCV.h */,
			);
			name = include;
			sourceTree = "<group>";
		};
		846E549D27EF47C5BFC5B6EC /* src */ = {
			isa = PBXGroup;
			children = (
				971E0AC2F4364D21B058718F /* OscBundle.cpp */,
				654BA4339A504E0DBB619D47 /* OscListener.cpp */,
				C475A0063E924B01A67D0B00 /* OscMessage.cpp */,
				B3D62D1A13644681B0BF691A /* OscSender.cpp */,
				E87F177AF1A04A4D9086A79F /* ip */,
				176A4D25A7374107ACED610E /* osc */,
				5F238FBF13FA4A85966A5A89 /* OscArg.h */,
				7D9EB33D127F4CA6AF985D2D /* OscBundle.h */,
				8BB9C6EC0FD44828BA81EF6F /* OscListener.h */,
				498C0072AC6647318164B760 /* OscMessage.h */,
				61187A33DC904F65A91CFA6D /* OscSender.h */,
			);
			name = src;
			sourceTree = "<group>";
		};
		8E494CC51768440C911EBE92 /* OSC */ = {
			isa = PBXGroup;
			children = (
				846E549D27EF47C5BFC5B6EC /* src */,
			);
			name = OSC;
			sourceTree = "<group>";
		};
		E87F177AF1A04A4D9086A79F /* ip */ = {
			isa = PBXGroup;
			children = (
				F52E0884EA104563B765C094 /* IpEndpointName.cpp */,
				1F5BCBB581BC487CB496A960 /* IpEndpointName.h */,
				2274DEF4B83E44D38B12614E /* NetworkingUtils.h */,
				190469A09B9C4359B61715F5 /* PacketListener.h */,
				AF236C47E07A417F9F7A81D7 /* TimerListener.h */,
				E96CC15C31A54B8B8D30B074 /* UdpSocket.h */,
				1D7C21A11193413BAF4F21D5 /* posix */,
			);
			name = ip;
			sourceTree = "<group>";
		};
/* End PBXGroup section */

/* Begin PBXHeadersBuildPhase section */
		22197EC517F447BF003B1883 /* Headers */ = {
			isa = PBXHeadersBuildPhase;
			buildActionMask = 2147483647;
			files = (
				22197EDE17F44B4F003B1883 /* CinderOpenCV.h in Headers */,
				22197EE417F44B4F003B1883 /* IpEndpointName.h in Headers */,
				22197EE517F44B4F003B1883 /* NetworkingUtils.h in Headers */,
				22197EE617F44B4F003B1883 /* PacketListener.h in Headers */,
				22197EE717F44B4F003B1883 /* TimerListener.h in Headers */,
				22197EE817F44B4F003B1883 /* UdpSocket.h in Headers */,
				22197EEF17F44B4F003B1883 /* MessageMappingOscPacketListener.h in Headers */,
				22197EF017F44B4F003B1883 /* OscException.h in Headers */,
				22197EF117F44B4F003B1883 /* OscHostEndianness.h in Headers */,
				22197EF217F44B4F003B1883 /* OscOutboundPacketStream.h in Headers */,
				22197EF317F44B4F003B1883 /* OscPacketListener.h in Headers */,
				22197EF417F44B4F003B1883 /* OscPrintReceivedElements.h in Headers */,
				22197EF517F44B4F003B1883 /* OscReceivedElements.h in Headers */,
				22197EF617F44B4F003B1883 /* OscTypes.h in Headers */,
				22197EF717F44B4F003B1883 /* OscArg.h in Headers */,
				22197EF817F44B4F003B1883 /* OscBundle.h in Headers */,
				22197EF917F44B4F003B1883 /* OscListener.h in Headers */,
				22197EFA17F44B4F003B1883 /* OscMessage.h in Headers */,
				22197EFB17F44B4F003B1883 /* OscSender.h in Headers */,
				22197EFC17F44B54003B1883 /* Resources.h in Headers */,
				22197F0517F44B76003B1883 /* GeneratorSineWave.h in Headers */,
				22197F0617F44B76003B1883 /* Inlet.h in Headers */,
				22197F0717F44B76003B1883 /* Node.h in Headers */,
				22197F0817F44B76003B1883 /* Outlet.h in Headers */,
				22197F0917F44B76003B1883 /* OutputOsc.h in Headers */,
				22197F0A17F44B76003B1883 /* Pipeline.h in Headers */,
				22197F0B17F44B76003B1883 /* Resources.h in Headers */,
				22261AAF181577C800DBA3F8 /* OutputConsolePrinter.h in Headers */,
				22293670181586F2008CAA09 /* HarmonicMotion.h in Headers */,
				22293672181591A2008CAA09 /* Skeleton3d.h in Headers */,
				2229367618159B01008CAA09 /* Common.h in Headers */,
			);
			runOnlyForDeploymentPostprocessing = 0;
		};
/* End PBXHeadersBuildPhase section */

/* Begin PBXNativeTarget section */
		22197EC617F447BF003B1883 /* HarmonicMotion */ = {
			isa = PBXNativeTarget;
			buildConfigurationList = 22197EC817F447BF003B1883 /* Build configuration list for PBXNativeTarget "HarmonicMotion" */;
			buildPhases = (
				22197EC317F447BF003B1883 /* Sources */,
				22197EC417F447BF003B1883 /* Frameworks */,
				22197EC517F447BF003B1883 /* Headers */,
			);
			buildRules = (
			);
			dependencies = (
			);
			name = HarmonicMotion;
			productName = HarmonicMotionLib;
			productReference = 22197EC717F447BF003B1883 /* libHarmonicMotionLibd.a */;
			productType = "com.apple.product-type.library.static";
		};
		8D1107260486CEB800E47090 /* HarmonicMotionApp */ = {
			isa = PBXNativeTarget;
			buildConfigurationList = C01FCF4A08A954540054247B /* Build configuration list for PBXNativeTarget "HarmonicMotionApp" */;
			buildPhases = (
				8D1107290486CEB800E47090 /* Resources */,
				8D11072C0486CEB800E47090 /* Sources */,
				8D11072E0486CEB800E47090 /* Frameworks */,
			);
			buildRules = (
			);
			dependencies = (
			);
			name = HarmonicMotionApp;
			productInstallPath = "$(HOME)/Applications";
			productName = HarmonicMotion;
			productReference = 8D1107320486CEB800E47090 /* HarmonicMotion.app */;
			productType = "com.apple.product-type.application";
		};
/* End PBXNativeTarget section */

/* Begin PBXProject section */
		29B97313FDCFA39411CA2CEA /* Project object */ = {
			isa = PBXProject;
			buildConfigurationList = C01FCF4E08A954540054247B /* Build configuration list for PBXProject "HarmonicMotion" */;
			compatibilityVersion = "Xcode 3.2";
			developmentRegion = English;
			hasScannedForEncodings = 1;
			knownRegions = (
				English,
				Japanese,
				French,
				German,
			);
			mainGroup = 29B97314FDCFA39411CA2CEA /* HarmonicMotion */;
			projectDirPath = "";
			projectRoot = "";
			targets = (
				8D1107260486CEB800E47090 /* HarmonicMotionApp */,
				22197EC617F447BF003B1883 /* HarmonicMotion */,
			);
		};
/* End PBXProject section */

/* Begin PBXResourcesBuildPhase section */
		8D1107290486CEB800E47090 /* Resources */ = {
			isa = PBXResourcesBuildPhase;
			buildActionMask = 2147483647;
			files = (
				93FF82F99FA24357B6E6A466 /* CinderApp.icns in Resources */,
			);
			runOnlyForDeploymentPostprocessing = 0;
		};
/* End PBXResourcesBuildPhase section */

/* Begin PBXSourcesBuildPhase section */
		22197EC317F447BF003B1883 /* Sources */ = {
			isa = PBXSourcesBuildPhase;
			buildActionMask = 2147483647;
			files = (
				22197ED317F44B1B003B1883 /* GeneratorSineWave.cpp in Sources */,
				22197ED517F44B1B003B1883 /* Inlet.cpp in Sources */,
				22197ED717F44B1B003B1883 /* Node.cpp in Sources */,
				22197ED917F44B1B003B1883 /* Outlet.cpp in Sources */,
				22197EDB17F44B1B003B1883 /* OutputOsc.cpp in Sources */,
				22197EDD17F44B1B003B1883 /* Pipeline.cpp in Sources */,
				22197EE317F44B4F003B1883 /* IpEndpointName.cpp in Sources */,
				22197F1117F472F4003B1883 /* OscBundle.cpp in Sources */,
				22197F1217F472F4003B1883 /* OscListener.cpp in Sources */,
				22197F1317F472F4003B1883 /* OscMessage.cpp in Sources */,
				22197F1417F472F4003B1883 /* OscSender.cpp in Sources */,
				22197F1517F47301003B1883 /* NetworkingUtils.cpp in Sources */,
				22197F1617F47301003B1883 /* UdpSocket.cpp in Sources */,
				22197F1717F47306003B1883 /* OscOutboundPacketStream.cpp in Sources */,
				22197F1817F47306003B1883 /* OscPrintReceivedElements.cpp in Sources */,
				22197F1917F47306003B1883 /* OscReceivedElements.cpp in Sources */,
				22197F1A17F47306003B1883 /* OscTypes.cpp in Sources */,
				22261AA9181574AC00DBA3F8 /* Common.cpp in Sources */,
				22261AAE181577C800DBA3F8 /* OutputConsolePrinter.cpp in Sources */,
				22293675181591AD008CAA09 /* Skeleton3d.cpp in Sources */,
			);
			runOnlyForDeploymentPostprocessing = 0;
		};
		8D11072C0486CEB800E47090 /* Sources */ = {
			isa = PBXSourcesBuildPhase;
			buildActionMask = 2147483647;
			files = (
				D8747D8A237442168BF330E1 /* HarmonicMotionApp.cpp in Sources */,
				757F077DABA7415EB988676F /* OscBundle.cpp in Sources */,
				2B41AEC331B745E09E98D885 /* OscListener.cpp in Sources */,
				B8E4FA98F66F42B883191911 /* OscMessage.cpp in Sources */,
				3BF7EB33D4B941098C9E056D /* OscSender.cpp in Sources */,
				7E032153AEB04570800DF749 /* IpEndpointName.cpp in Sources */,
				C2452C7EE2C14005A7CCF7C3 /* OscOutboundPacketStream.cpp in Sources */,
				14AE91028D3E457C94F76ACD /* OscPrintReceivedElements.cpp in Sources */,
				9E4FA58CE7D04C19BD3F3283 /* OscReceivedElements.cpp in Sources */,
				B1B4A3FF90E94360BFE023CC /* OscTypes.cpp in Sources */,
				D446572B6E354FF8A1195B97 /* NetworkingUtils.cpp in Sources */,
				37D41E82A9CA4ABC821C0896 /* UdpSocket.cpp in Sources */,
				22197ED217F44B1B003B1883 /* GeneratorSineWave.cpp in Sources */,
				22197ED417F44B1B003B1883 /* Inlet.cpp in Sources */,
				22197ED617F44B1B003B1883 /* Node.cpp in Sources */,
				22197ED817F44B1B003B1883 /* Outlet.cpp in Sources */,
				22197EDA17F44B1B003B1883 /* OutputOsc.cpp in Sources */,
				22197EDC17F44B1B003B1883 /* Pipeline.cpp in Sources */,
				22197F8817F4A4F3003B1883 /* Data.cpp in Sources */,
				22261AA8181574AC00DBA3F8 /* Common.cpp in Sources */,
				22261AAD181577C800DBA3F8 /* OutputConsolePrinter.cpp in Sources */,
				22293674181591AD008CAA09 /* Skeleton3d.cpp in Sources */,
			);
			runOnlyForDeploymentPostprocessing = 0;
		};
/* End PBXSourcesBuildPhase section */

/* Begin XCBuildConfiguration section */
		22197EC917F447BF003B1883 /* Debug */ = {
			isa = XCBuildConfiguration;
			buildSettings = {
				CLANG_CXX_LANGUAGE_STANDARD = "gnu++0x";
				CLANG_ENABLE_OBJC_ARC = YES;
				CLANG_WARN_CONSTANT_CONVERSION = YES;
				CLANG_WARN_EMPTY_BODY = YES;
				CLANG_WARN_ENUM_CONVERSION = YES;
				CLANG_WARN_INT_CONVERSION = YES;
				CLANG_WARN__DUPLICATE_METHOD_MATCH = YES;
				COPY_PHASE_STRIP = NO;
				EXECUTABLE_PREFIX = lib;
				GCC_C_LANGUAGE_STANDARD = gnu99;
				GCC_DYNAMIC_NO_PIC = NO;
				GCC_ENABLE_OBJC_EXCEPTIONS = YES;
				GCC_OPTIMIZATION_LEVEL = 0;
				GCC_PREPROCESSOR_DEFINITIONS = (
					"DEBUG=1",
					"$(inherited)",
				);
				GCC_SYMBOLS_PRIVATE_EXTERN = NO;
				GCC_WARN_64_TO_32_BIT_CONVERSION = YES;
				GCC_WARN_UNINITIALIZED_AUTOS = YES;
				PRODUCT_NAME = "$(TARGET_NAME)d";
			};
			name = Debug;
		};
		22197ECA17F447BF003B1883 /* Release */ = {
			isa = XCBuildConfiguration;
			buildSettings = {
				CLANG_CXX_LANGUAGE_STANDARD = "gnu++0x";
				CLANG_ENABLE_OBJC_ARC = YES;
				CLANG_WARN_CONSTANT_CONVERSION = YES;
				CLANG_WARN_EMPTY_BODY = YES;
				CLANG_WARN_ENUM_CONVERSION = YES;
				CLANG_WARN_INT_CONVERSION = YES;
				CLANG_WARN__DUPLICATE_METHOD_MATCH = YES;
				COPY_PHASE_STRIP = YES;
				DEBUG_INFORMATION_FORMAT = "dwarf-with-dsym";
				EXECUTABLE_PREFIX = lib;
				GCC_C_LANGUAGE_STANDARD = gnu99;
				GCC_ENABLE_OBJC_EXCEPTIONS = YES;
				GCC_WARN_64_TO_32_BIT_CONVERSION = YES;
				GCC_WARN_UNINITIALIZED_AUTOS = YES;
				PRODUCT_NAME = "$(TARGET_NAME)";
			};
			name = Release;
		};
		C01FCF4B08A954540054247B /* Debug */ = {
			isa = XCBuildConfiguration;
			buildSettings = {
				COMBINE_HIDPI_IMAGES = YES;
				COPY_PHASE_STRIP = NO;
				DEAD_CODE_STRIPPING = YES;
				GCC_DYNAMIC_NO_PIC = NO;
				GCC_INLINES_ARE_PRIVATE_EXTERN = YES;
				GCC_OPTIMIZATION_LEVEL = 0;
				GCC_PRECOMPILE_PREFIX_HEADER = YES;
				GCC_PREFIX_HEADER = HarmonicMotion_Prefix.pch;
				GCC_PREPROCESSOR_DEFINITIONS = (
					"DEBUG=1",
					"$(inherited)",
				);
				GCC_SYMBOLS_PRIVATE_EXTERN = NO;
				INFOPLIST_FILE = Info.plist;
				INSTALL_PATH = "$(HOME)/Applications";
				MACH_O_TYPE = mh_execute;
				OTHER_LDFLAGS = (
					"\"$(CINDER_PATH)/lib/libcinder_d.a\"",
					"\"$(CINDER_PATH)/blocks/Cinder-OpenCV/lib/macosx/libopencv_calib3d.a\"",
					"\"$(CINDER_PATH)/blocks/Cinder-OpenCV/lib/macosx/libopencv_contrib.a\"",
					"\"$(CINDER_PATH)/blocks/Cinder-OpenCV/lib/macosx/libopencv_core.a\"",
					"\"$(CINDER_PATH)/blocks/Cinder-OpenCV/lib/macosx/libopencv_features2d.a\"",
					"\"$(CINDER_PATH)/blocks/Cinder-OpenCV/lib/macosx/libopencv_flann.a\"",
					"\"$(CINDER_PATH)/blocks/Cinder-OpenCV/lib/macosx/libopencv_gpu.a\"",
					"\"$(CINDER_PATH)/blocks/Cinder-OpenCV/lib/macosx/libopencv_imgproc.a\"",
					"\"$(CINDER_PATH)/blocks/Cinder-OpenCV/lib/macosx/libopencv_legacy.a\"",
					"\"$(CINDER_PATH)/blocks/Cinder-OpenCV/lib/macosx/libopencv_ml.a\"",
					"\"$(CINDER_PATH)/blocks/Cinder-OpenCV/lib/macosx/libopencv_nonfree.a\"",
					"\"$(CINDER_PATH)/blocks/Cinder-OpenCV/lib/macosx/libopencv_objdetect.a\"",
					"\"$(CINDER_PATH)/blocks/Cinder-OpenCV/lib/macosx/libopencv_photo.a\"",
					"\"$(CINDER_PATH)/blocks/Cinder-OpenCV/lib/macosx/libopencv_stitching.a\"",
					"\"$(CINDER_PATH)/blocks/Cinder-OpenCV/lib/macosx/libopencv_ts.a\"",
					"\"$(CINDER_PATH)/blocks/Cinder-OpenCV/lib/macosx/libopencv_video.a\"",
					"\"$(CINDER_PATH)/blocks/Cinder-OpenCV/lib/macosx/libopencv_videostab.a\"",
					"\"$(LIB_PATH)/macosx/libboost_date_time.a\"",
					"\"$(LIB_PATH)/macosx/libboost_system.a\"",
					"$(LIB_PATH)/macosx/libboost_chrono.a",
					"$(LIB_PATH)/macosx/libboost_thread.a",
				);
				PRODUCT_NAME = HarmonicMotion;
				USER_HEADER_SEARCH_PATHS = "\"$(CINDER_PATH)/include\" ../include \"$(CINDER_PATH)/blocks/Cinder-OpenCV/include\" \"$(CINDER_PATH)/blocks/Cinder-OpenCV/include/opencv2\" $(CINDER_PATH)/blocks/OSC/src";
				WRAPPER_EXTENSION = app;
			};
			name = Debug;
		};
		C01FCF4C08A954540054247B /* Release */ = {
			isa = XCBuildConfiguration;
			buildSettings = {
				COMBINE_HIDPI_IMAGES = YES;
				DEAD_CODE_STRIPPING = YES;
				DEBUG_INFORMATION_FORMAT = "dwarf-with-dsym";
				GCC_FAST_MATH = YES;
				GCC_GENERATE_DEBUGGING_SYMBOLS = NO;
				GCC_INLINES_ARE_PRIVATE_EXTERN = YES;
				GCC_OPTIMIZATION_LEVEL = 3;
				GCC_PRECOMPILE_PREFIX_HEADER = YES;
				GCC_PREFIX_HEADER = HarmonicMotion_Prefix.pch;
				GCC_SYMBOLS_PRIVATE_EXTERN = NO;
				INFOPLIST_FILE = Info.plist;
				INSTALL_PATH = "$(HOME)/Applications";
				MACH_O_TYPE = mh_execute;
				OTHER_LDFLAGS = (
					"\"$(CINDER_PATH)/lib/libcinder.a\"",
					"\"$(CINDER_PATH)/blocks/Cinder-OpenCV/lib/macosx/libopencv_calib3d.a\"",
					"\"$(CINDER_PATH)/blocks/Cinder-OpenCV/lib/macosx/libopencv_contrib.a\"",
					"\"$(CINDER_PATH)/blocks/Cinder-OpenCV/lib/macosx/libopencv_core.a\"",
					"\"$(CINDER_PATH)/blocks/Cinder-OpenCV/lib/macosx/libopencv_features2d.a\"",
					"\"$(CINDER_PATH)/blocks/Cinder-OpenCV/lib/macosx/libopencv_flann.a\"",
					"\"$(CINDER_PATH)/blocks/Cinder-OpenCV/lib/macosx/libopencv_gpu.a\"",
					"\"$(CINDER_PATH)/blocks/Cinder-OpenCV/lib/macosx/libopencv_imgproc.a\"",
					"\"$(CINDER_PATH)/blocks/Cinder-OpenCV/lib/macosx/libopencv_legacy.a\"",
					"\"$(CINDER_PATH)/blocks/Cinder-OpenCV/lib/macosx/libopencv_ml.a\"",
					"\"$(CINDER_PATH)/blocks/Cinder-OpenCV/lib/macosx/libopencv_nonfree.a\"",
					"\"$(CINDER_PATH)/blocks/Cinder-OpenCV/lib/macosx/libopencv_objdetect.a\"",
					"\"$(CINDER_PATH)/blocks/Cinder-OpenCV/lib/macosx/libopencv_photo.a\"",
					"\"$(CINDER_PATH)/blocks/Cinder-OpenCV/lib/macosx/libopencv_stitching.a\"",
					"\"$(CINDER_PATH)/blocks/Cinder-OpenCV/lib/macosx/libopencv_ts.a\"",
					"\"$(CINDER_PATH)/blocks/Cinder-OpenCV/lib/macosx/libopencv_video.a\"",
					"\"$(CINDER_PATH)/blocks/Cinder-OpenCV/lib/macosx/libopencv_videostab.a\"",
					"\"$(CINDER_PATH)/lib/macosx/libboost_date_time.a\"",
					"\"$(CINDER_PATH)/lib/macosx/libboost_system.a\"",
				);
				PRODUCT_NAME = HarmonicMotion;
				STRIP_INSTALLED_PRODUCT = YES;
				USER_HEADER_SEARCH_PATHS = "\"$(CINDER_PATH)/include\" ../include \"$(CINDER_PATH)/blocks/Cinder-OpenCV/include\" \"$(CINDER_PATH)/blocks/Cinder-OpenCV/include/opencv2\" $(CINDER_PATH)/blocks/OSC/src";
				WRAPPER_EXTENSION = app;
			};
			name = Release;
		};
		C01FCF4F08A954540054247B /* Debug */ = {
			isa = XCBuildConfiguration;
			buildSettings = {
				ALWAYS_SEARCH_USER_PATHS = NO;
				ARCHS = "$(ARCHS_STANDARD_32_64_BIT)";
				CINDER_PATH = ../../Cinder;
				CLANG_CXX_LANGUAGE_STANDARD = "c++0x";
				CLANG_CXX_LIBRARY = "libc++";
				CONFIGURATION_BUILD_DIR = "$(BUILD_DIR)";
				GCC_WARN_ABOUT_RETURN_TYPE = YES;
				GCC_WARN_UNUSED_VARIABLE = YES;
				HEADER_SEARCH_PATHS = "\"$(CINDER_PATH)/boost\"";
				LIB_PATH = ../lib;
				MACOSX_DEPLOYMENT_TARGET = 10.7;
				SDKROOT = macosx;
				USER_HEADER_SEARCH_PATHS = "\"$(CINDER_PATH)/include\" ../include \"../../Cinder/blocks/Cinder-OpenCV/include\" \"../../Cinder/blocks/Cinder-OpenCV/include/opencv2\" ../../Cinder/blocks/OSC/src";
			};
			name = Debug;
		};
		C01FCF5008A954540054247B /* Release */ = {
			isa = XCBuildConfiguration;
			buildSettings = {
				ALWAYS_SEARCH_USER_PATHS = NO;
				ARCHS = "$(ARCHS_STANDARD_32_64_BIT)";
				CINDER_PATH = ../../Cinder;
				CLANG_CXX_LANGUAGE_STANDARD = "c++0x";
				CLANG_CXX_LIBRARY = "libc++";
				CONFIGURATION_BUILD_DIR = "$(BUILD_DIR)";
				GCC_WARN_ABOUT_RETURN_TYPE = YES;
				GCC_WARN_UNUSED_VARIABLE = YES;
				HEADER_SEARCH_PATHS = "\"$(CINDER_PATH)/boost\"";
				LIB_PATH = ../lib;
				MACOSX_DEPLOYMENT_TARGET = 10.7;
				SDKROOT = macosx;
				USER_HEADER_SEARCH_PATHS = "\"$(CINDER_PATH)/include\" ../include \"../../Cinder/blocks/Cinder-OpenCV/include\" \"../../Cinder/blocks/Cinder-OpenCV/include/opencv2\" ../../Cinder/blocks/OSC/src";
			};
			name = Release;
		};
/* End XCBuildConfiguration section */

/* Begin XCConfigurationList section */
		22197EC817F447BF003B1883 /* Build configuration list for PBXNativeTarget "HarmonicMotion" */ = {
			isa = XCConfigurationList;
			buildConfigurations = (
				22197EC917F447BF003B1883 /* Debug */,
				22197ECA17F447BF003B1883 /* Release */,
			);
			defaultConfigurationIsVisible = 0;
			defaultConfigurationName = Release;
		};
		C01FCF4A08A954540054247B /* Build configuration list for PBXNativeTarget "HarmonicMotionApp" */ = {
			isa = XCConfigurationList;
			buildConfigurations = (
				C01FCF4B08A954540054247B /* Debug */,
				C01FCF4C08A954540054247B /* Release */,
			);
			defaultConfigurationIsVisible = 0;
			defaultConfigurationName = Release;
		};
		C01FCF4E08A954540054247B /* Build configuration list for PBXProject "HarmonicMotion" */ = {
			isa = XCConfigurationList;
			buildConfigurations = (
				C01FCF4F08A954540054247B /* Debug */,
				C01FCF5008A954540054247B /* Release */,
			);
			defaultConfigurationIsVisible = 0;
			defaultConfigurationName = Release;
		};
/* End XCConfigurationList section */
	};
	rootObject = 29B97313FDCFA39411CA2CEA /* Project object */;
}
