
Microsoft Visual Studio Solution File, Format Version 12.00
# Visual Studio Express 2012 for Windows Desktop
Project("{8BC9CEB8-8B4A-11D0-8D11-00A0C91BC942}") = "HarmonicMotion", "HarmonicMotion.vcxproj", "{41A39FD3-A2A7-4F03-8DD4-851326D9CE00}"
EndProject
Global
	GlobalSection(SolutionConfigurationPlatforms) = preSolution
		Debug|Win32 = Debug|Win32
		Release|Win32 = Release|Win32
	EndGlobalSection
	GlobalSection(ProjectConfigurationPlatforms) = postSolution
		{41A39FD3-A2A7-4F03-8DD4-851326D9CE00}.Debug|Win32.ActiveCfg = Debug|Win32
		{41A39FD3-A2A7-4F03-8DD4-851326D9CE00}.Debug|Win32.Build.0 = Debug|Win32
		{41A39FD3-A2A7-4F03-8DD4-851326D9CE00}.Release|Win32.ActiveCfg = Release|Win32
		{41A39FD3-A2A7-4F03-8DD4-851326D9CE00}.Release|Win32.Build.0 = Release|Win32
	EndGlobalSection
	GlobalSection(SolutionProperties) = preSolution
		HideSolutionNode = FALSE
	EndGlobalSection
EndGlobal
