// !$*UTF8*$!
{
       archiveVersion = 1;
       classes = {
       };
       objectVersion = 46;
       objects = {

/* Begin PBXAggregateTarget section */
              74B02789412144B6B5C026FF /* ALL_BUILD */ = {
                     isa = PBXAggregateTarget;
                     buildConfigurationList = C45F46AAA42043E59C1B9642 /* Build configuration list for PBXAggregateTarget "ALL_BUILD" */;
                     buildPhases = (
                            99A15ABCE4B443A9A644CA8E /* CMake Rules */,
                     );
                     dependencies = (
                            0322D1296AFE4780BAC38586 /* PBXTargetDependency */,
                            2D5CAB16D48B4685AA4FC0B0 /* PBXTargetDependency */,
                     );
                     name = ALL_BUILD;
                     productName = ALL_BUILD;
              };
              4EB6BDC51DF44B929A699FD3 /* HarmonicMotionGui_automoc */ = {
                     isa = PBXAggregateTarget;
                     buildConfigurationList = 4C53462D53FC44258E01A06C /* Build configuration list for PBXAggregateTarget "HarmonicMotionGui_automoc" */;
                     buildPhases = (
                            F62982030A5244148C7625F2 /* CMake Rules */,
                     );
                     dependencies = (
                     );
                     name = HarmonicMotionGui_automoc;
                     productName = HarmonicMotionGui_automoc;
              };
              B9043F28103742269B49124C /* ZERO_CHECK */ = {
                     isa = PBXAggregateTarget;
                     buildConfigurationList = 9D3F5D4D9EE84FABA288CAD8 /* Build configuration list for PBXAggregateTarget "ZERO_CHECK" */;
                     buildPhases = (
                            89D14E65C6B04296A4260C48 /* CMake Rules */,
                     );
                     dependencies = (
                     );
                     name = ZERO_CHECK;
                     productName = ZERO_CHECK;
              };
/* End PBXAggregateTarget section */

/* Begin PBXBuildFile section */
E67EFC4D62664AE68A60166D /* /Users/tim/Documents/Programming/HarmonicMotion/HarmonicMotionGui/resources/myresources.qrc */ = {isa = PBXBuildFile; fileRef = 470C19B8F41C4044BA626BA5 /* /Users/tim/Documents/Programming/HarmonicMotion/HarmonicMotionGui/resources/myresources.qrc */; settings = { COMPILER_FLAGS = ""; }; };
9B971763F0764F69975CE302 /* /Users/tim/Documents/Programming/HarmonicMotion/HarmonicMotionGui/src/CMakeLists.txt */ = {isa = PBXBuildFile; fileRef = FCB763D07C394F2A8D88A12C /* /Users/tim/Documents/Programming/HarmonicMotion/HarmonicMotionGui/src/CMakeLists.txt */; settings = { COMPILER_FLAGS = ""; }; };
A5D5D69C625E42D2B14E0F5F /* /Users/tim/Documents/Programming/HarmonicMotion/HarmonicMotionGui/src/Controller.cpp */ = {isa = PBXBuildFile; fileRef = B37DD0FA20DC4BB38368E3C3 /* /Users/tim/Documents/Programming/HarmonicMotion/HarmonicMotionGui/src/Controller.cpp */; settings = { COMPILER_FLAGS = ""; }; };
563A67C096F343C8BC71DC7E /* /Users/tim/Documents/Programming/HarmonicMotion/HarmonicMotionGui/src/Controller.h */ = {isa = PBXBuildFile; fileRef = C71C3ECE0DED48B3A74BC26C /* /Users/tim/Documents/Programming/HarmonicMotion/HarmonicMotionGui/src/Controller.h */; settings = { COMPILER_FLAGS = ""; }; };
27CBF8DF1A6C4E1AB0F82071 /* /Users/tim/Documents/Programming/HarmonicMotion/HarmonicMotionGui/src/MainWindow.cpp */ = {isa = PBXBuildFile; fileRef = 75570CC4A3A24C57A1D8A63B /* /Users/tim/Documents/Programming/HarmonicMotion/HarmonicMotionGui/src/MainWindow.cpp */; settings = { COMPILER_FLAGS = ""; }; };
A67614EE00504FFEB5F82F5A /* /Users/tim/Documents/Programming/HarmonicMotion/HarmonicMotionGui/src/MainWindow.h */ = {isa = PBXBuildFile; fileRef = 65AF2D5CB6D84571995B39CB /* /Users/tim/Documents/Programming/HarmonicMotion/HarmonicMotionGui/src/MainWindow.h */; settings = { COMPILER_FLAGS = ""; }; };
B9F9AFBFAED54DFBA2AF2457 /* /Users/tim/Documents/Programming/HarmonicMotion/HarmonicMotionGui/src/NodeOscOutWidget.cpp */ = {isa = PBXBuildFile; fileRef = FB59304501C64442AF23640E /* /Users/tim/Documents/Programming/HarmonicMotion/HarmonicMotionGui/src/NodeOscOutWidget.cpp */; settings = { COMPILER_FLAGS = ""; }; };
12323F29EEC745CE85964FAC /* /Users/tim/Documents/Programming/HarmonicMotion/HarmonicMotionGui/src/NodeOscOutWidget.h */ = {isa = PBXBuildFile; fileRef = 3946472A30C7421E9F9B85B3 /* /Users/tim/Documents/Programming/HarmonicMotion/HarmonicMotionGui/src/NodeOscOutWidget.h */; settings = { COMPILER_FLAGS = ""; }; };
A8CF37F3DA574230AD566266 /* /Users/tim/Documents/Programming/HarmonicMotion/HarmonicMotionGui/src/NodeRendererGlWidget.cpp */ = {isa = PBXBuildFile; fileRef = FD8C8D35A994431EB2905C05 /* /Users/tim/Documents/Programming/HarmonicMotion/HarmonicMotionGui/src/NodeRendererGlWidget.cpp */; settings = { COMPILER_FLAGS = ""; }; };
332C0199BD5F44D6A655C610 /* /Users/tim/Documents/Programming/HarmonicMotion/HarmonicMotionGui/src/NodeRendererGlWidget.h */ = {isa = PBXBuildFile; fileRef = 0C8DDAAA2C034F81AED53DF6 /* /Users/tim/Documents/Programming/HarmonicMotion/HarmonicMotionGui/src/NodeRendererGlWidget.h */; settings = { COMPILER_FLAGS = ""; }; };
34766A4DFCB34306809584DE /* /Users/tim/Documents/Programming/HarmonicMotion/HarmonicMotionGui/src/WidgetNode.cpp */ = {isa = PBXBuildFile; fileRef = 5F9B005D2E5145FA8678AB47 /* /Users/tim/Documents/Programming/HarmonicMotion/HarmonicMotionGui/src/WidgetNode.cpp */; settings = { COMPILER_FLAGS = ""; }; };
EF70D3239D2248B1A6F136DB /* /Users/tim/Documents/Programming/HarmonicMotion/HarmonicMotionGui/src/WidgetNode.h */ = {isa = PBXBuildFile; fileRef = 2E69DC24B30143F1AAFA614B /* /Users/tim/Documents/Programming/HarmonicMotion/HarmonicMotionGui/src/WidgetNode.h */; settings = { COMPILER_FLAGS = ""; }; };
891CCC6DBABB4816A82C8978 /* /Users/tim/Documents/Programming/HarmonicMotion/HarmonicMotionGui/src/main.cpp */ = {isa = PBXBuildFile; fileRef = A3C17B0F326A494E8FFA6FD0 /* /Users/tim/Documents/Programming/HarmonicMotion/HarmonicMotionGui/src/main.cpp */; settings = { COMPILER_FLAGS = ""; }; };
4E9ACDA99D654C2994D4A7BF /* /Users/tim/Documents/Programming/HarmonicMotion/HarmonicMotionGui/xcode/CMakeFiles/HarmonicMotionGui.dir/Info.plist */ = {isa = PBXBuildFile; fileRef = B4FC21A567AE452B86A5D098 /* /Users/tim/Documents/Programming/HarmonicMotion/HarmonicMotionGui/xcode/CMakeFiles/HarmonicMotionGui.dir/Info.plist */; settings = { COMPILER_FLAGS = ""; }; };
E9F13C91F52C4FFCB2BA26CF /* /Users/tim/Documents/Programming/HarmonicMotion/HarmonicMotionGui/xcode/HarmonicMotionGui_automoc.cpp */ = {isa = PBXBuildFile; fileRef = 4D0CEB6A362B4DF8A55CC666 /* /Users/tim/Documents/Programming/HarmonicMotion/HarmonicMotionGui/xcode/HarmonicMotionGui_automoc.cpp */; settings = { COMPILER_FLAGS = ""; }; };
0FD69CEC7F6F4A348C044098 /* /Users/tim/Documents/Programming/HarmonicMotion/HarmonicMotionGui/xcode/qrc_myresources.cpp */ = {isa = PBXBuildFile; fileRef = 25C12B0D438A42008231509C /* /Users/tim/Documents/Programming/HarmonicMotion/HarmonicMotionGui/xcode/qrc_myresources.cpp */; settings = { COMPILER_FLAGS = ""; }; };
/* End PBXBuildFile section */

/* Begin PBXBuildStyle section */
              0A2CFB9A3FC44BE187BBCFDD /*  */ = {
                     isa = PBXBuildStyle;
              };
              22DE61F578C94D49AF17A0DB /* Debug */ = {
                     isa = PBXBuildStyle;
                     buildSettings = {
                            COPY_PHASE_STRIP = NO;
                     };
                     name = Debug;
              };
              964EBD7B7DD04487A421464F /* Release */ = {
                     isa = PBXBuildStyle;
                     buildSettings = {
                            COPY_PHASE_STRIP = NO;
                     };
                     name = Release;
              };
/* End PBXBuildStyle section */

/* Begin PBXContainerItemProxy section */
              A9E5C5D6B66F4B18B6B52226 /* PBXContainerItemProxy */ = {
                     isa = PBXContainerItemProxy;
                     containerPortal = 76573120E2CA47E6B6B0D7C0 /* Project object */;
                     proxyType = 1;
                     remoteGlobalIDString = F9521247E35448A5BDF1EED7;
                     remoteInfo = HarmonicMotionGui;
              };
              E3E90372057F4F4CA04D37A2 /* PBXContainerItemProxy */ = {
                     isa = PBXContainerItemProxy;
                     containerPortal = 76573120E2CA47E6B6B0D7C0 /* Project object */;
                     proxyType = 1;
                     remoteGlobalIDString = B9043F28103742269B49124C;
                     remoteInfo = ZERO_CHECK;
              };
              168A9C31DCD14B71BA4D6D7E /* PBXContainerItemProxy */ = {
                     isa = PBXContainerItemProxy;
                     containerPortal = 76573120E2CA47E6B6B0D7C0 /* Project object */;
                     proxyType = 1;
                     remoteGlobalIDString = 4EB6BDC51DF44B929A699FD3;
                     remoteInfo = HarmonicMotionGui_automoc;
              };
              AE8CE48FE2F6474E88290F51 /* PBXContainerItemProxy */ = {
                     isa = PBXContainerItemProxy;
                     containerPortal = 76573120E2CA47E6B6B0D7C0 /* Project object */;
                     proxyType = 1;
                     remoteGlobalIDString = B9043F28103742269B49124C;
                     remoteInfo = ZERO_CHECK;
              };
/* End PBXContainerItemProxy section */

/* Begin PBXFileReference section */
FCB763D07C394F2A8D88A12C /* /Users/tim/Documents/Programming/HarmonicMotion/HarmonicMotionGui/src/CMakeLists.txt */ = {isa = PBXFileReference; explicitFileType = "sourcecode.text"; fileEncoding = 4; name = "CMakeLists.txt"; path = "CMakeLists.txt"; sourceTree = SOURCE_ROOT; };
470C19B8F41C4044BA626BA5 /* /Users/tim/Documents/Programming/HarmonicMotion/HarmonicMotionGui/resources/myresources.qrc */ = {isa = PBXFileReference; explicitFileType = sourcecode; fileEncoding = 4; name = "myresources.qrc"; path = "../resources/myresources.qrc"; sourceTree = SOURCE_ROOT; };
B37DD0FA20DC4BB38368E3C3 /* /Users/tim/Documents/Programming/HarmonicMotion/HarmonicMotionGui/src/Controller.cpp */ = {isa = PBXFileReference; explicitFileType = "sourcecode.cpp.cpp"; fileEncoding = 4; name = "Controller.cpp"; path = "Controller.cpp"; sourceTree = SOURCE_ROOT; };
C71C3ECE0DED48B3A74BC26C /* /Users/tim/Documents/Programming/HarmonicMotion/HarmonicMotionGui/src/Controller.h */ = {isa = PBXFileReference; explicitFileType = "sourcecode.c.h"; fileEncoding = 4; name = "Controller.h"; path = "Controller.h"; sourceTree = SOURCE_ROOT; };
75570CC4A3A24C57A1D8A63B /* /Users/tim/Documents/Programming/HarmonicMotion/HarmonicMotionGui/src/MainWindow.cpp */ = {isa = PBXFileReference; explicitFileType = "sourcecode.cpp.cpp"; fileEncoding = 4; name = "MainWindow.cpp"; path = "MainWindow.cpp"; sourceTree = SOURCE_ROOT; };
65AF2D5CB6D84571995B39CB /* /Users/tim/Documents/Programming/HarmonicMotion/HarmonicMotionGui/src/MainWindow.h */ = {isa = PBXFileReference; explicitFileType = "sourcecode.c.h"; fileEncoding = 4; name = "MainWindow.h"; path = "MainWindow.h"; sourceTree = SOURCE_ROOT; };
FB59304501C64442AF23640E /* /Users/tim/Documents/Programming/HarmonicMotion/HarmonicMotionGui/src/NodeOscOutWidget.cpp */ = {isa = PBXFileReference; explicitFileType = "sourcecode.cpp.cpp"; fileEncoding = 4; name = "NodeOscOutWidget.cpp"; path = "NodeOscOutWidget.cpp"; sourceTree = SOURCE_ROOT; };
3946472A30C7421E9F9B85B3 /* /Users/tim/Documents/Programming/HarmonicMotion/HarmonicMotionGui/src/NodeOscOutWidget.h */ = {isa = PBXFileReference; explicitFileType = "sourcecode.c.h"; fileEncoding = 4; name = "NodeOscOutWidget.h"; path = "NodeOscOutWidget.h"; sourceTree = SOURCE_ROOT; };
FD8C8D35A994431EB2905C05 /* /Users/tim/Documents/Programming/HarmonicMotion/HarmonicMotionGui/src/NodeRendererGlWidget.cpp */ = {isa = PBXFileReference; explicitFileType = "sourcecode.cpp.cpp"; fileEncoding = 4; name = "NodeRendererGlWidget.cpp"; path = "NodeRendererGlWidget.cpp"; sourceTree = SOURCE_ROOT; };
0C8DDAAA2C034F81AED53DF6 /* /Users/tim/Documents/Programming/HarmonicMotion/HarmonicMotionGui/src/NodeRendererGlWidget.h */ = {isa = PBXFileReference; explicitFileType = "sourcecode.c.h"; fileEncoding = 4; name = "NodeRendererGlWidget.h"; path = "NodeRendererGlWidget.h"; sourceTree = SOURCE_ROOT; };
5F9B005D2E5145FA8678AB47 /* /Users/tim/Documents/Programming/HarmonicMotion/HarmonicMotionGui/src/WidgetNode.cpp */ = {isa = PBXFileReference; explicitFileType = "sourcecode.cpp.cpp"; fileEncoding = 4; name = "WidgetNode.cpp"; path = "WidgetNode.cpp"; sourceTree = SOURCE_ROOT; };
2E69DC24B30143F1AAFA614B /* /Users/tim/Documents/Programming/HarmonicMotion/HarmonicMotionGui/src/WidgetNode.h */ = {isa = PBXFileReference; explicitFileType = "sourcecode.c.h"; fileEncoding = 4; name = "WidgetNode.h"; path = "WidgetNode.h"; sourceTree = SOURCE_ROOT; };
A3C17B0F326A494E8FFA6FD0 /* /Users/tim/Documents/Programming/HarmonicMotion/HarmonicMotionGui/src/main.cpp */ = {isa = PBXFileReference; explicitFileType = "sourcecode.cpp.cpp"; fileEncoding = 4; name = "main.cpp"; path = "main.cpp"; sourceTree = SOURCE_ROOT; };
B4FC21A567AE452B86A5D098 /* /Users/tim/Documents/Programming/HarmonicMotion/HarmonicMotionGui/xcode/CMakeFiles/HarmonicMotionGui.dir/Info.plist */ = {isa = PBXFileReference; explicitFileType = "sourcecode.text.plist"; fileEncoding = 4; name = "Info.plist"; path = "../xcode/CMakeFiles/HarmonicMotionGui.dir/Info.plist"; sourceTree = SOURCE_ROOT; };
4D0CEB6A362B4DF8A55CC666 /* /Users/tim/Documents/Programming/HarmonicMotion/HarmonicMotionGui/xcode/HarmonicMotionGui_automoc.cpp */ = {isa = PBXFileReference; explicitFileType = "sourcecode.cpp.cpp"; fileEncoding = 4; name = "HarmonicMotionGui_automoc.cpp"; path = "../xcode/HarmonicMotionGui_automoc.cpp"; sourceTree = SOURCE_ROOT; };
25C12B0D438A42008231509C /* /Users/tim/Documents/Programming/HarmonicMotion/HarmonicMotionGui/xcode/qrc_myresources.cpp */ = {isa = PBXFileReference; explicitFileType = "sourcecode.cpp.cpp"; fileEncoding = 4; name = "qrc_myresources.cpp"; path = "../xcode/qrc_myresources.cpp"; sourceTree = SOURCE_ROOT; };
3CAFD3EF032E46108841857F /* HarmonicMotionGui */ = {isa = PBXFileReference; explicitFileType = "compiled.mach-o.executable"; path = HarmonicMotionGui; refType = 0; sourceTree = BUILT_PRODUCTS_DIR; };
/* End PBXFileReference section */

/* Begin PBXGroup section */
              4148698FDF214E6AB9BC5EE9  = {
                     isa = PBXGroup;
                     children = (
                            BB5662C622FC41DE969CD0AC /* Sources */,
                            CEFC27931ED842D7915E2383 /* Resources */,
                            B57AF2B6BF4C4652A3822F70 /* Products */,
                     );
                     sourceTree = "<group>";
              };
              BB5662C622FC41DE969CD0AC /* Sources */ = {
                     isa = PBXGroup;
                     children = (
                            9C78C9EE151749EBB3F831DD /* ALL_BUILD */,
                            A6C17712173048F58FFDC6FD /* HarmonicMotionGui */,
                            B5DF06B4CED348018EC4569F /* HarmonicMotionGui_automoc */,
                            3DCAEA1BC8A84FC1A379F9E2 /* ZERO_CHECK */,
                     );
                     name = Sources;
                     sourceTree = "<group>";
              };
              CEFC27931ED842D7915E2383 /* Resources */ = {
                     isa = PBXGroup;
                     children = (
                     );
                     name = Resources;
                     sourceTree = "<group>";
              };
              9C78C9EE151749EBB3F831DD /* ALL_BUILD */ = {
                     isa = PBXGroup;
                     children = (
                            F14B8A4456D94306A8C669C9 /* CMake Rules */,
                            FCB763D07C394F2A8D88A12C /* /Users/tim/Documents/Programming/HarmonicMotion/HarmonicMotionGui/src/CMakeLists.txt */,
                     );
                     name = ALL_BUILD;
                     sourceTree = "<group>";
              };
              F14B8A4456D94306A8C669C9 /* CMake Rules */ = {
                     isa = PBXGroup;
                     children = (
                     );
                     name = "CMake Rules";
                     sourceTree = "<group>";
              };
              A6C17712173048F58FFDC6FD /* HarmonicMotionGui */ = {
                     isa = PBXGroup;
                     children = (
                            9546A9BF75CA4839B689E2A4 /* Source Files */,
                            7DDB6EE470814352A33EF7DF /* Header Files */,
                            909D8914388448F0A11AC7AD /* Resources */,
                            470C19B8F41C4044BA626BA5 /* /Users/tim/Documents/Programming/HarmonicMotion/HarmonicMotionGui/resources/myresources.qrc */,
                            FCB763D07C394F2A8D88A12C /* /Users/tim/Documents/Programming/HarmonicMotion/HarmonicMotionGui/src/CMakeLists.txt */,
                     );
                     name = HarmonicMotionGui;
                     sourceTree = "<group>";
              };
              9546A9BF75CA4839B689E2A4 /* Source Files */ = {
                     isa = PBXGroup;
                     children = (
                            B37DD0FA20DC4BB38368E3C3 /* /Users/tim/Documents/Programming/HarmonicMotion/HarmonicMotionGui/src/Controller.cpp */,
                            75570CC4A3A24C57A1D8A63B /* /Users/tim/Documents/Programming/HarmonicMotion/HarmonicMotionGui/src/MainWindow.cpp */,
                            FB59304501C64442AF23640E /* /Users/tim/Documents/Programming/HarmonicMotion/HarmonicMotionGui/src/NodeOscOutWidget.cpp */,
                            FD8C8D35A994431EB2905C05 /* /Users/tim/Documents/Programming/HarmonicMotion/HarmonicMotionGui/src/NodeRendererGlWidget.cpp */,
                            5F9B005D2E5145FA8678AB47 /* /Users/tim/Documents/Programming/HarmonicMotion/HarmonicMotionGui/src/WidgetNode.cpp */,
                            A3C17B0F326A494E8FFA6FD0 /* /Users/tim/Documents/Programming/HarmonicMotion/HarmonicMotionGui/src/main.cpp */,
                            4D0CEB6A362B4DF8A55CC666 /* /Users/tim/Documents/Programming/HarmonicMotion/HarmonicMotionGui/xcode/HarmonicMotionGui_automoc.cpp */,
                            25C12B0D438A42008231509C /* /Users/tim/Documents/Programming/HarmonicMotion/HarmonicMotionGui/xcode/qrc_myresources.cpp */,
                     );
                     name = "Source Files";
                     sourceTree = "<group>";
              };
              7DDB6EE470814352A33EF7DF /* Header Files */ = {
                     isa = PBXGroup;
                     children = (
                            C71C3ECE0DED48B3A74BC26C /* /Users/tim/Documents/Programming/HarmonicMotion/HarmonicMotionGui/src/Controller.h */,
                            65AF2D5CB6D84571995B39CB /* /Users/tim/Documents/Programming/HarmonicMotion/HarmonicMotionGui/src/MainWindow.h */,
                            3946472A30C7421E9F9B85B3 /* /Users/tim/Documents/Programming/HarmonicMotion/HarmonicMotionGui/src/NodeOscOutWidget.h */,
                            0C8DDAAA2C034F81AED53DF6 /* /Users/tim/Documents/Programming/HarmonicMotion/HarmonicMotionGui/src/NodeRendererGlWidget.h */,
                            2E69DC24B30143F1AAFA614B /* /Users/tim/Documents/Programming/HarmonicMotion/HarmonicMotionGui/src/WidgetNode.h */,
                     );
                     name = "Header Files";
                     sourceTree = "<group>";
              };
              909D8914388448F0A11AC7AD /* Resources */ = {
                     isa = PBXGroup;
                     children = (
                            B4FC21A567AE452B86A5D098 /* /Users/tim/Documents/Programming/HarmonicMotion/HarmonicMotionGui/xcode/CMakeFiles/HarmonicMotionGui.dir/Info.plist */,
                     );
                     name = Resources;
                     sourceTree = "<group>";
              };
              B5DF06B4CED348018EC4569F /* HarmonicMotionGui_automoc */ = {
                     isa = PBXGroup;
                     children = (
                            E718A0B3E80D4F5FB3FFA962 /* CMake Rules */,
                     );
                     name = HarmonicMotionGui_automoc;
                     sourceTree = "<group>";
              };
              E718A0B3E80D4F5FB3FFA962 /* CMake Rules */ = {
                     isa = PBXGroup;
                     children = (
                     );
                     name = "CMake Rules";
                     sourceTree = "<group>";
              };
              3DCAEA1BC8A84FC1A379F9E2 /* ZERO_CHECK */ = {
                     isa = PBXGroup;
                     children = (
                            CD6A824122AF466D9992D177 /* CMake Rules */,
                            FCB763D07C394F2A8D88A12C /* /Users/tim/Documents/Programming/HarmonicMotion/HarmonicMotionGui/src/CMakeLists.txt */,
                     );
                     name = ZERO_CHECK;
                     sourceTree = "<group>";
              };
              CD6A824122AF466D9992D177 /* CMake Rules */ = {
                     isa = PBXGroup;
                     children = (
                     );
                     name = "CMake Rules";
                     sourceTree = "<group>";
              };
              B57AF2B6BF4C4652A3822F70 /* Products */ = {
                     isa = PBXGroup;
                     children = (
                            3CAFD3EF032E46108841857F /* HarmonicMotionGui */,
                     );
                     name = Products;
                     sourceTree = "<group>";
              };
/* End PBXGroup section */

/* Begin PBXNativeTarget section */
              F9521247E35448A5BDF1EED7 /* HarmonicMotionGui */ = {
                     isa = PBXNativeTarget;
                     buildConfigurationList = 63D51C44A8294880A9DD25D8 /* Build configuration list for PBXNativeTarget "HarmonicMotionGui" */;
                     buildPhases = (
                            3DA415B123A24744B5229008 /* CMake Rules */,
                            3AF41B188100417980F536EA /* Sources */,
                     );
                     buildRules = (
                     );
                     dependencies = (
                            A529E2A97E0A4FCC88ED9E79 /* PBXTargetDependency */,
                            DAAB55C0F90C464088D3870A /* PBXTargetDependency */,
                     );
                     name = HarmonicMotionGui;
                     productName = HarmonicMotionGui;
                     productReference = 3CAFD3EF032E46108841857F /* HarmonicMotionGui */;
                     productType = "com.apple.product-type.application";
              };
/* End PBXNativeTarget section */

/* Begin PBXProject section */
              76573120E2CA47E6B6B0D7C0 /* Project object */ = {
                     isa = PBXProject;
                     attributes = {
                            BuildIndependentTargetsInParallel = YES;
                     };
                     buildConfigurationList = E8198B3D31634F58A422D632 /* Build configuration list for PBXProject  "HarmonicMotionGui" */;
                     buildSettings = {
                     };
                     buildStyles = (
                            22DE61F578C94D49AF17A0DB /* Debug */,
                            964EBD7B7DD04487A421464F /* Release */,
                     );
                     compatibilityVersion = "Xcode 3.2";
                     hasScannedForEncodings = 0;
                     mainGroup = 4148698FDF214E6AB9BC5EE9;
                     projectDirPath = /Users/tim/Documents/Programming/HarmonicMotion/HarmonicMotionGui/src;
                     projectRoot = "";
                     targets = (
                            74B02789412144B6B5C026FF /* ALL_BUILD */,
                            F9521247E35448A5BDF1EED7 /* HarmonicMotionGui */,
                            4EB6BDC51DF44B929A699FD3 /* HarmonicMotionGui_automoc */,
                            B9043F28103742269B49124C /* ZERO_CHECK */,
                     );
              };
/* End PBXProject section */

/* Begin PBXShellScriptBuildPhase section */
              26AC2439784C4E0AA0FD18A1 /*  */ = {
                     isa = PBXShellScriptBuildPhase;
                     buildActionMask = 2147483647;
                     files = (
                     );
                     inputPaths = (
                     );
                     outputPaths = (
                     );
                     runOnlyForDeploymentPostprocessing = 0;
                     shellPath = /bin/sh;
                     shellScript = "# shell script goes here
exit 0";
                     showEnvVarsInLog = 0;
              };
              99A15ABCE4B443A9A644CA8E /* CMake Rules */ = {
                     isa = PBXShellScriptBuildPhase;
                     buildActionMask = 2147483647;
                     files = (
                     );
                     name = "CMake Rules";
                     runOnlyForDeploymentPostprocessing = 0;
                     shellPath = /bin/sh;
                     shellScript = "make -C /Users/tim/Documents/Programming/HarmonicMotion/HarmonicMotionGui/xcode -f /Users/tim/Documents/Programming/HarmonicMotion/HarmonicMotionGui/xcode/CMakeScripts/ALL_BUILD_cmakeRulesBuildPhase.make$CONFIGURATION all";
                     showEnvVarsInLog = 0;
              };
              3DA415B123A24744B5229008 /* CMake Rules */ = {
                     isa = PBXShellScriptBuildPhase;
                     buildActionMask = 2147483647;
                     files = (
                     );
                     name = "CMake Rules";
                     runOnlyForDeploymentPostprocessing = 0;
                     shellPath = /bin/sh;
                     shellScript = "make -C /Users/tim/Documents/Programming/HarmonicMotion/HarmonicMotionGui/xcode -f /Users/tim/Documents/Programming/HarmonicMotion/HarmonicMotionGui/xcode/CMakeScripts/HarmonicMotionGui_cmakeRulesBuildPhase.make$CONFIGURATION all";
                     showEnvVarsInLog = 0;
              };
              B27CAAEFEF1F41D392DB10BF /*  */ = {
                     isa = PBXShellScriptBuildPhase;
                     buildActionMask = 2147483647;
                     files = (
                     );
                     inputPaths = (
                     );
                     outputPaths = (
                     );
                     runOnlyForDeploymentPostprocessing = 0;
                     shellPath = /bin/sh;
                     shellScript = "# shell script goes here
exit 0";
                     showEnvVarsInLog = 0;
              };
              F62982030A5244148C7625F2 /* CMake Rules */ = {
                     isa = PBXShellScriptBuildPhase;
                     buildActionMask = 2147483647;
                     files = (
                     );
                     name = "CMake Rules";
                     runOnlyForDeploymentPostprocessing = 0;
                     shellPath = /bin/sh;
                     shellScript = "make -C /Users/tim/Documents/Programming/HarmonicMotion/HarmonicMotionGui/xcode -f /Users/tim/Documents/Programming/HarmonicMotion/HarmonicMotionGui/xcode/CMakeScripts/HarmonicMotionGui_automoc_cmakeRulesBuildPhase.make$CONFIGURATION all";
                     showEnvVarsInLog = 0;
              };
              32CE514546F84A22B49FFDD9 /*  */ = {
                     isa = PBXShellScriptBuildPhase;
                     buildActionMask = 2147483647;
                     files = (
                     );
                     inputPaths = (
                     );
                     outputPaths = (
                     );
                     runOnlyForDeploymentPostprocessing = 0;
                     shellPath = /bin/sh;
                     shellScript = "# shell script goes here
exit 0";
                     showEnvVarsInLog = 0;
              };
              89D14E65C6B04296A4260C48 /* CMake Rules */ = {
                     isa = PBXShellScriptBuildPhase;
                     buildActionMask = 2147483647;
                     files = (
                     );
                     name = "CMake Rules";
                     runOnlyForDeploymentPostprocessing = 0;
                     shellPath = /bin/sh;
                     shellScript = "make -C /Users/tim/Documents/Programming/HarmonicMotion/HarmonicMotionGui/xcode -f /Users/tim/Documents/Programming/HarmonicMotion/HarmonicMotionGui/xcode/CMakeScripts/ZERO_CHECK_cmakeRulesBuildPhase.make$CONFIGURATION all";
                     showEnvVarsInLog = 0;
              };
/* End PBXShellScriptBuildPhase section */

/* Begin PBXSourcesBuildPhase section */
              3AF41B188100417980F536EA /* Sources */ = {
                     isa = PBXSourcesBuildPhase;
                     buildActionMask = 2147483647;
                     files = (
                            A5D5D69C625E42D2B14E0F5F /* /Users/tim/Documents/Programming/HarmonicMotion/HarmonicMotionGui/src/Controller.cpp */,
                            27CBF8DF1A6C4E1AB0F82071 /* /Users/tim/Documents/Programming/HarmonicMotion/HarmonicMotionGui/src/MainWindow.cpp */,
                            B9F9AFBFAED54DFBA2AF2457 /* /Users/tim/Documents/Programming/HarmonicMotion/HarmonicMotionGui/src/NodeOscOutWidget.cpp */,
                            A8CF37F3DA574230AD566266 /* /Users/tim/Documents/Programming/HarmonicMotion/HarmonicMotionGui/src/NodeRendererGlWidget.cpp */,
                            34766A4DFCB34306809584DE /* /Users/tim/Documents/Programming/HarmonicMotion/HarmonicMotionGui/src/WidgetNode.cpp */,
                            891CCC6DBABB4816A82C8978 /* /Users/tim/Documents/Programming/HarmonicMotion/HarmonicMotionGui/src/main.cpp */,
                            E9F13C91F52C4FFCB2BA26CF /* /Users/tim/Documents/Programming/HarmonicMotion/HarmonicMotionGui/xcode/HarmonicMotionGui_automoc.cpp */,
                            0FD69CEC7F6F4A348C044098 /* /Users/tim/Documents/Programming/HarmonicMotion/HarmonicMotionGui/xcode/qrc_myresources.cpp */,
                     );
                     runOnlyForDeploymentPostprocessing = 0;
              };
/* End PBXSourcesBuildPhase section */

/* Begin PBXTargetDependency section */
              0322D1296AFE4780BAC38586 /* PBXTargetDependency */ = {
                     isa = PBXTargetDependency;
                     target = F9521247E35448A5BDF1EED7 /* HarmonicMotionGui */;
                     targetProxy = A9E5C5D6B66F4B18B6B52226 /* PBXContainerItemProxy */;
              };
              2D5CAB16D48B4685AA4FC0B0 /* PBXTargetDependency */ = {
                     isa = PBXTargetDependency;
                     target = B9043F28103742269B49124C /* ZERO_CHECK */;
                     targetProxy = E3E90372057F4F4CA04D37A2 /* PBXContainerItemProxy */;
              };
              A529E2A97E0A4FCC88ED9E79 /* PBXTargetDependency */ = {
                     isa = PBXTargetDependency;
                     target = 4EB6BDC51DF44B929A699FD3 /* HarmonicMotionGui_automoc */;
                     targetProxy = 168A9C31DCD14B71BA4D6D7E /* PBXContainerItemProxy */;
              };
              DAAB55C0F90C464088D3870A /* PBXTargetDependency */ = {
                     isa = PBXTargetDependency;
                     target = B9043F28103742269B49124C /* ZERO_CHECK */;
                     targetProxy = AE8CE48FE2F6474E88290F51 /* PBXContainerItemProxy */;
              };
/* End PBXTargetDependency section */

/* Begin XCBuildConfiguration section */
              413353873D5A4C8EB7E44172 /* Debug */ = {
                     isa = XCBuildConfiguration;
                     buildSettings = {
                            ARCHS = "$(ARCHS_STANDARD_32_64_BIT)";
                            CLANG_CXX_LANGUAGE_STANDARD = "c++0x";
                            CLANG_CXX_LIBRARY = "libc++";
                            GCC_VERSION = "com.apple.compilers.llvm.clang.1_0";
                            ONLY_ACTIVE_ARCH = YES;
                            SDKROOT = "/Applications/Xcode.app/Contents/Developer/Platforms/MacOSX.platform/Developer/SDKs/MacOSX10.9.sdk";
                            SYMROOT = /Users/tim/Documents/Programming/HarmonicMotion/HarmonicMotionGui/xcode/build;
                     };
                     name = Debug;
              };
              AE71092798B049C285765FDE /* Release */ = {
                     isa = XCBuildConfiguration;
                     buildSettings = {
                            ARCHS = "$(ARCHS_STANDARD_32_64_BIT)";
                            CLANG_CXX_LANGUAGE_STANDARD = "c++0x";
                            CLANG_CXX_LIBRARY = "libc++";
                            GCC_VERSION = "com.apple.compilers.llvm.clang.1_0";
                            ONLY_ACTIVE_ARCH = YES;
                            SDKROOT = "/Applications/Xcode.app/Contents/Developer/Platforms/MacOSX.platform/Developer/SDKs/MacOSX10.9.sdk";
                            SYMROOT = /Users/tim/Documents/Programming/HarmonicMotion/HarmonicMotionGui/xcode/build;
                     };
                     name = Release;
              };
              1314FD32C119418782138C2C /* Debug */ = {
                     isa = XCBuildConfiguration;
                     buildSettings = {
                            COMBINE_HIDPI_IMAGES = YES;
                            GCC_GENERATE_DEBUGGING_SYMBOLS = NO;
                            GCC_INLINES_ARE_PRIVATE_EXTERN = NO;
                            GCC_OPTIMIZATION_LEVEL = 0;
                            GCC_PREPROCESSOR_DEFINITIONS = ("'CMAKE_INTDIR=\"$(CONFIGURATION)$(EFFECTIVE_PLATFORM_NAME)\"'", QT_NO_KEYWORDS, QT_DLL, QT_OPENGL_LIB, QT_GUI_LIB, QT_CORE_LIB, _DEBUG, QT_DEBUG, "'CMAKE_INTDIR=\"Debug\"'", );
                            GCC_SYMBOLS_PRIVATE_EXTERN = NO;
                            HEADER_SEARCH_PATHS = (/Users/tim/Documents/Programming/HarmonicMotion/HarmonicMotionGui/src, "/Users/tim/Documents/Programming/HarmonicMotion/HarmonicMotionGui/src/../../include", "/Users/tim/Documents/Programming/HarmonicMotion/HarmonicMotionGui/src/../../../Cinder/include", "/Users/tim/Documents/Programming/HarmonicMotion/HarmonicMotionGui/src/../../../Cinder/boost", "/Users/tim/Documents/Programming/HarmonicMotion/HarmonicMotionGui/src/../../lib/CinderBlocks/BlockOpenNI/include/Include", "/Users/tim/Documents/Programming/HarmonicMotion/HarmonicMotionGui/src/../../lib/CinderBlocks/OSC/src", );
                            INSTALL_PATH = "";
                            OTHER_CFLAGS = "  ";
                            OTHER_LDFLAGS = " ";
                            OTHER_REZFLAGS = "";
                            PRODUCT_NAME = ALL_BUILD;
                            SECTORDER_FLAGS = "";
                            SYMROOT = /Users/tim/Documents/Programming/HarmonicMotion/HarmonicMotionGui/xcode;
                            USE_HEADERMAP = NO;
                            WARNING_CFLAGS = ("-Wmost", "-Wno-four-char-constants", "-Wno-unknown-pragmas", );
                     };
                     name = Debug;
              };
              81DFC6E9523E49F1BB6718EC /* Release */ = {
                     isa = XCBuildConfiguration;
                     buildSettings = {
                            COMBINE_HIDPI_IMAGES = YES;
                            GCC_GENERATE_DEBUGGING_SYMBOLS = NO;
                            GCC_INLINES_ARE_PRIVATE_EXTERN = NO;
                            GCC_OPTIMIZATION_LEVEL = 0;
                            GCC_PREPROCESSOR_DEFINITIONS = ("'CMAKE_INTDIR=\"$(CONFIGURATION)$(EFFECTIVE_PLATFORM_NAME)\"'", QT_NO_KEYWORDS, QT_DLL, QT_OPENGL_LIB, QT_GUI_LIB, QT_CORE_LIB, );
                            GCC_SYMBOLS_PRIVATE_EXTERN = NO;
                            HEADER_SEARCH_PATHS = (/Users/tim/Documents/Programming/HarmonicMotion/HarmonicMotionGui/src, "/Users/tim/Documents/Programming/HarmonicMotion/HarmonicMotionGui/src/../../include", "/Users/tim/Documents/Programming/HarmonicMotion/HarmonicMotionGui/src/../../../Cinder/include", "/Users/tim/Documents/Programming/HarmonicMotion/HarmonicMotionGui/src/../../../Cinder/boost", "/Users/tim/Documents/Programming/HarmonicMotion/HarmonicMotionGui/src/../../lib/CinderBlocks/BlockOpenNI/include/Include", "/Users/tim/Documents/Programming/HarmonicMotion/HarmonicMotionGui/src/../../lib/CinderBlocks/OSC/src", );
                            INSTALL_PATH = "";
                            OTHER_CFLAGS = "  ";
                            OTHER_LDFLAGS = " ";
                            OTHER_REZFLAGS = "";
                            PRODUCT_NAME = ALL_BUILD;
                            SECTORDER_FLAGS = "";
                            SYMROOT = /Users/tim/Documents/Programming/HarmonicMotion/HarmonicMotionGui/xcode;
                            USE_HEADERMAP = NO;
                            WARNING_CFLAGS = ("-Wmost", "-Wno-four-char-constants", "-Wno-unknown-pragmas", );
                     };
                     name = Release;
              };
              A3D266AA16A5485393FF0C71 /* Debug */ = {
                     isa = XCBuildConfiguration;
                     buildSettings = {
                            COMBINE_HIDPI_IMAGES = YES;
                            EXECUTABLE_PREFIX = "";
                            EXECUTABLE_SUFFIX = "";
                            FRAMEWORK_SEARCH_PATHS = ("/Users/tim/Qt5.2.0/5.2.0/clang_64/lib", );
                            GCC_GENERATE_DEBUGGING_SYMBOLS = YES;
                            GCC_INLINES_ARE_PRIVATE_EXTERN = NO;
                            GCC_OPTIMIZATION_LEVEL = 0;
                            GCC_PREPROCESSOR_DEFINITIONS = ("'CMAKE_INTDIR=\"$(CONFIGURATION)$(EFFECTIVE_PLATFORM_NAME)\"'", QT_WIDGETS_LIB, QT_GUI_LIB, QT_CORE_LIB, QT_OPENGL_LIB, QT_NO_KEYWORDS, QT_DLL, _DEBUG, QT_DEBUG, "'CMAKE_INTDIR=\"Debug\"'", );
                            GCC_SYMBOLS_PRIVATE_EXTERN = NO;
                            HEADER_SEARCH_PATHS = (/Users/tim/Documents/Programming/HarmonicMotion/HarmonicMotionGui/src, "/Users/tim/Documents/Programming/HarmonicMotion/HarmonicMotionGui/src/../../include", "/Users/tim/Documents/Programming/HarmonicMotion/HarmonicMotionGui/src/../../../Cinder/include", "/Users/tim/Documents/Programming/HarmonicMotion/HarmonicMotionGui/src/../../../Cinder/boost", "/Users/tim/Documents/Programming/HarmonicMotion/HarmonicMotionGui/src/../../lib/CinderBlocks/BlockOpenNI/include/Include", "/Users/tim/Documents/Programming/HarmonicMotion/HarmonicMotionGui/src/../../lib/CinderBlocks/OSC/src", "/Users/tim/Qt5.2.0/5.2.0/clang_64/lib/QtWidgets.framework/Headers", "/Users/tim/Qt5.2.0/5.2.0/clang_64/lib/QtGui.framework/Headers", "/Users/tim/Qt5.2.0/5.2.0/clang_64/lib/QtCore.framework/Headers", "/Users/tim/Qt5.2.0/5.2.0/clang_64/mkspecs/macx-clang", "/Applications/Xcode.app/Contents/Developer/Platforms/MacOSX.platform/Developer/SDKs/MacOSX10.9.sdk/System/Library/Frameworks/OpenGL.framework/Headers", "/Users/tim/Qt5.2.0/5.2.0/clang_64/lib/QtOpenGL.framework/Headers", );
                            INFOPLIST_FILE = "/Users/tim/Documents/Programming/HarmonicMotion/HarmonicMotionGui/xcode/CMakeFiles/HarmonicMotionGui.dir/Info.plist";
                            INSTALL_PATH = "";
                            LD_RUNPATH_SEARCH_PATHS = "/Users/tim/Documents/Programming/HarmonicMotion/HarmonicMotionGui/src/../../bin /Users/tim/Documents/Programming/HarmonicMotion/HarmonicMotionGui/src/../../lib /Users/tim/Documents/Programming/HarmonicMotion/HarmonicMotionGui/src/../../lib/macosx /Users/tim/Documents/Programming/HarmonicMotion/HarmonicMotionGui/src/../../lib/CinderBlocks/BlockOpenNI/lib/macosx";
                            LIBRARY_SEARCH_PATHS = " /Users/tim/Documents/Programming/HarmonicMotion/HarmonicMotionGui/src/../../bin/$(CONFIGURATION)$(EFFECTIVE_PLATFORM_NAME) /Users/tim/Documents/Programming/HarmonicMotion/HarmonicMotionGui/src/../../bin /Users/tim/Documents/Programming/HarmonicMotion/HarmonicMotionGui/src/../../lib/$(CONFIGURATION)$(EFFECTIVE_PLATFORM_NAME) /Users/tim/Documents/Programming/HarmonicMotion/HarmonicMotionGui/src/../../lib /Users/tim/Documents/Programming/HarmonicMotion/HarmonicMotionGui/src/../../lib/macosx/$(CONFIGURATION)$(EFFECTIVE_PLATFORM_NAME) /Users/tim/Documents/Programming/HarmonicMotion/HarmonicMotionGui/src/../../lib/macosx /Users/tim/Documents/Programming/HarmonicMotion/HarmonicMotionGui/src/../../lib/CinderBlocks/BlockOpenNI/lib/macosx/$(CONFIGURATION)$(EFFECTIVE_PLATFORM_NAME) /Users/tim/Documents/Programming/HarmonicMotion/HarmonicMotionGui/src/../../lib/CinderBlocks/BlockOpenNI/lib/macosx";
                            OTHER_CFLAGS = "    ";
                            OTHER_CPLUSPLUSFLAGS = "    ";
                            OTHER_LDFLAGS = "  -Wl,-search_paths_first -Wl,-headerpad_max_install_names  /Users/tim/Qt5.2.0/5.2.0/clang_64/lib/QtWidgets.framework/QtWidgets /Users/tim/Qt5.2.0/5.2.0/clang_64/lib/QtOpenGL.framework/QtOpenGL -lHarmonicMotiond -lcinder_d -framework Accelerate -framework AppKit -framework AudioToolbox -framework AudioUnit -framework Cocoa -framework CoreAudio -framework CoreVideo -framework Foundation -framework OpenGL -framework QTKit -lboost_date_time -lboost_filesystem -lboost_system -lboost_chrono -lboost_thread -lz -lltdl.7 -lusb-1.0.0 -lnimCodecs -lnimMockNodes -lnimRecorder -lOpenNI /Users/tim/Qt5.2.0/5.2.0/clang_64/lib/QtWidgets.framework/QtWidgets /Users/tim/Qt5.2.0/5.2.0/clang_64/lib/QtGui.framework/QtGui /Users/tim/Qt5.2.0/5.2.0/clang_64/lib/QtCore.framework/QtCore";
                            OTHER_REZFLAGS = "";
                            PRODUCT_NAME = HarmonicMotionGui;
                            SECTORDER_FLAGS = "";
                            SYMROOT = /Users/tim/Documents/Programming/HarmonicMotion/HarmonicMotionGui/xcode;
                            USE_HEADERMAP = NO;
                            WARNING_CFLAGS = ("-Wmost", "-Wno-four-char-constants", "-Wno-unknown-pragmas", );
                     };
                     name = Debug;
              };
              8FFAFE11F8C74631A3C2A75C /* Release */ = {
                     isa = XCBuildConfiguration;
                     buildSettings = {
                            COMBINE_HIDPI_IMAGES = YES;
                            EXECUTABLE_PREFIX = "";
                            EXECUTABLE_SUFFIX = "";
                            FRAMEWORK_SEARCH_PATHS = ("/Users/tim/Qt5.2.0/5.2.0/clang_64/lib", );
                            GCC_GENERATE_DEBUGGING_SYMBOLS = NO;
                            GCC_INLINES_ARE_PRIVATE_EXTERN = NO;
                            GCC_OPTIMIZATION_LEVEL = 3;
                            GCC_PREPROCESSOR_DEFINITIONS = ("'CMAKE_INTDIR=\"$(CONFIGURATION)$(EFFECTIVE_PLATFORM_NAME)\"'", QT_WIDGETS_LIB, QT_GUI_LIB, QT_CORE_LIB, QT_OPENGL_LIB, QT_NO_KEYWORDS, QT_DLL, QT_NO_DEBUG, );
                            GCC_SYMBOLS_PRIVATE_EXTERN = NO;
                            HEADER_SEARCH_PATHS = (/Users/tim/Documents/Programming/HarmonicMotion/HarmonicMotionGui/src, "/Users/tim/Documents/Programming/HarmonicMotion/HarmonicMotionGui/src/../../include", "/Users/tim/Documents/Programming/HarmonicMotion/HarmonicMotionGui/src/../../../Cinder/include", "/Users/tim/Documents/Programming/HarmonicMotion/HarmonicMotionGui/src/../../../Cinder/boost", "/Users/tim/Documents/Programming/HarmonicMotion/HarmonicMotionGui/src/../../lib/CinderBlocks/BlockOpenNI/include/Include", "/Users/tim/Documents/Programming/HarmonicMotion/HarmonicMotionGui/src/../../lib/CinderBlocks/OSC/src", "/Users/tim/Qt5.2.0/5.2.0/clang_64/lib/QtWidgets.framework/Headers", "/Users/tim/Qt5.2.0/5.2.0/clang_64/lib/QtGui.framework/Headers", "/Users/tim/Qt5.2.0/5.2.0/clang_64/lib/QtCore.framework/Headers", "/Users/tim/Qt5.2.0/5.2.0/clang_64/mkspecs/macx-clang", "/Applications/Xcode.app/Contents/Developer/Platforms/MacOSX.platform/Developer/SDKs/MacOSX10.9.sdk/System/Library/Frameworks/OpenGL.framework/Headers", "/Users/tim/Qt5.2.0/5.2.0/clang_64/lib/QtOpenGL.framework/Headers", );
                            INFOPLIST_FILE = "/Users/tim/Documents/Programming/HarmonicMotion/HarmonicMotionGui/xcode/CMakeFiles/HarmonicMotionGui.dir/Info.plist";
                            INSTALL_PATH = "";
                            LD_RUNPATH_SEARCH_PATHS = "/Users/tim/Documents/Programming/HarmonicMotion/HarmonicMotionGui/src/../../bin /Users/tim/Documents/Programming/HarmonicMotion/HarmonicMotionGui/src/../../lib /Users/tim/Documents/Programming/HarmonicMotion/HarmonicMotionGui/src/../../lib/macosx /Users/tim/Documents/Programming/HarmonicMotion/HarmonicMotionGui/src/../../lib/CinderBlocks/BlockOpenNI/lib/macosx";
                            LIBRARY_SEARCH_PATHS = " /Users/tim/Documents/Programming/HarmonicMotion/HarmonicMotionGui/src/../../bin/$(CONFIGURATION)$(EFFECTIVE_PLATFORM_NAME) /Users/tim/Documents/Programming/HarmonicMotion/HarmonicMotionGui/src/../../bin /Users/tim/Documents/Programming/HarmonicMotion/HarmonicMotionGui/src/../../lib/$(CONFIGURATION)$(EFFECTIVE_PLATFORM_NAME) /Users/tim/Documents/Programming/HarmonicMotion/HarmonicMotionGui/src/../../lib /Users/tim/Documents/Programming/HarmonicMotion/HarmonicMotionGui/src/../../lib/macosx/$(CONFIGURATION)$(EFFECTIVE_PLATFORM_NAME) /Users/tim/Documents/Programming/HarmonicMotion/HarmonicMotionGui/src/../../lib/macosx /Users/tim/Documents/Programming/HarmonicMotion/HarmonicMotionGui/src/../../lib/CinderBlocks/BlockOpenNI/lib/macosx/$(CONFIGURATION)$(EFFECTIVE_PLATFORM_NAME) /Users/tim/Documents/Programming/HarmonicMotion/HarmonicMotionGui/src/../../lib/CinderBlocks/BlockOpenNI/lib/macosx";
                            OTHER_CFLAGS = "    -DNDEBUG  ";
                            OTHER_CPLUSPLUSFLAGS = "    -DNDEBUG  ";
                            OTHER_LDFLAGS = "  -Wl,-search_paths_first -Wl,-headerpad_max_install_names  /Users/tim/Qt5.2.0/5.2.0/clang_64/lib/QtWidgets.framework/QtWidgets /Users/tim/Qt5.2.0/5.2.0/clang_64/lib/QtOpenGL.framework/QtOpenGL -lHarmonicMotion -lcinder -framework Accelerate -framework AppKit -framework AudioToolbox -framework AudioUnit -framework Cocoa -framework CoreAudio -framework CoreVideo -framework Foundation -framework OpenGL -framework QTKit -lboost_date_time -lboost_filesystem -lboost_system -lboost_chrono -lboost_thread -lz -lltdl.7 -lusb-1.0.0 -lnimCodecs -lnimMockNodes -lnimRecorder -lOpenNI /Users/tim/Qt5.2.0/5.2.0/clang_64/lib/QtWidgets.framework/QtWidgets /Users/tim/Qt5.2.0/5.2.0/clang_64/lib/QtGui.framework/QtGui /Users/tim/Qt5.2.0/5.2.0/clang_64/lib/QtCore.framework/QtCore";
                            OTHER_REZFLAGS = "";
                            PRODUCT_NAME = HarmonicMotionGui;
                            SECTORDER_FLAGS = "";
                            SYMROOT = /Users/tim/Documents/Programming/HarmonicMotion/HarmonicMotionGui/xcode;
                            USE_HEADERMAP = NO;
                            WARNING_CFLAGS = ("-Wmost", "-Wno-four-char-constants", "-Wno-unknown-pragmas", );
                     };
                     name = Release;
              };
              E09703EA53A1454EA83162B7 /* Debug */ = {
                     isa = XCBuildConfiguration;
                     buildSettings = {
                            COMBINE_HIDPI_IMAGES = YES;
                            GCC_GENERATE_DEBUGGING_SYMBOLS = NO;
                            GCC_INLINES_ARE_PRIVATE_EXTERN = NO;
                            GCC_OPTIMIZATION_LEVEL = 0;
                            GCC_PREPROCESSOR_DEFINITIONS = ("'CMAKE_INTDIR=\"$(CONFIGURATION)$(EFFECTIVE_PLATFORM_NAME)\"'", );
                            GCC_SYMBOLS_PRIVATE_EXTERN = NO;
                            HEADER_SEARCH_PATHS = (/Users/tim/Documents/Programming/HarmonicMotion/HarmonicMotionGui/src, "/Users/tim/Documents/Programming/HarmonicMotion/HarmonicMotionGui/src/../../include", "/Users/tim/Documents/Programming/HarmonicMotion/HarmonicMotionGui/src/../../../Cinder/include", "/Users/tim/Documents/Programming/HarmonicMotion/HarmonicMotionGui/src/../../../Cinder/boost", "/Users/tim/Documents/Programming/HarmonicMotion/HarmonicMotionGui/src/../../lib/CinderBlocks/BlockOpenNI/include/Include", "/Users/tim/Documents/Programming/HarmonicMotion/HarmonicMotionGui/src/../../lib/CinderBlocks/OSC/src", );
                            INSTALL_PATH = "";
                            OTHER_CFLAGS = "  ";
                            OTHER_LDFLAGS = " ";
                            OTHER_REZFLAGS = "";
                            PRODUCT_NAME = HarmonicMotionGui_automoc;
                            SECTORDER_FLAGS = "";
                            SYMROOT = /Users/tim/Documents/Programming/HarmonicMotion/HarmonicMotionGui/xcode;
                            USE_HEADERMAP = NO;
                            WARNING_CFLAGS = ("-Wmost", "-Wno-four-char-constants", "-Wno-unknown-pragmas", );
                     };
                     name = Debug;
              };
              2ED5329CBAC1421CB3A4C11B /* Release */ = {
                     isa = XCBuildConfiguration;
                     buildSettings = {
                            COMBINE_HIDPI_IMAGES = YES;
                            GCC_GENERATE_DEBUGGING_SYMBOLS = NO;
                            GCC_INLINES_ARE_PRIVATE_EXTERN = NO;
                            GCC_OPTIMIZATION_LEVEL = 0;
                            GCC_PREPROCESSOR_DEFINITIONS = ("'CMAKE_INTDIR=\"$(CONFIGURATION)$(EFFECTIVE_PLATFORM_NAME)\"'", );
                            GCC_SYMBOLS_PRIVATE_EXTERN = NO;
                            HEADER_SEARCH_PATHS = (/Users/tim/Documents/Programming/HarmonicMotion/HarmonicMotionGui/src, "/Users/tim/Documents/Programming/HarmonicMotion/HarmonicMotionGui/src/../../include", "/Users/tim/Documents/Programming/HarmonicMotion/HarmonicMotionGui/src/../../../Cinder/include", "/Users/tim/Documents/Programming/HarmonicMotion/HarmonicMotionGui/src/../../../Cinder/boost", "/Users/tim/Documents/Programming/HarmonicMotion/HarmonicMotionGui/src/../../lib/CinderBlocks/BlockOpenNI/include/Include", "/Users/tim/Documents/Programming/HarmonicMotion/HarmonicMotionGui/src/../../lib/CinderBlocks/OSC/src", );
                            INSTALL_PATH = "";
                            OTHER_CFLAGS = "  ";
                            OTHER_LDFLAGS = " ";
                            OTHER_REZFLAGS = "";
                            PRODUCT_NAME = HarmonicMotionGui_automoc;
                            SECTORDER_FLAGS = "";
                            SYMROOT = /Users/tim/Documents/Programming/HarmonicMotion/HarmonicMotionGui/xcode;
                            USE_HEADERMAP = NO;
                            WARNING_CFLAGS = ("-Wmost", "-Wno-four-char-constants", "-Wno-unknown-pragmas", );
                     };
                     name = Release;
              };
              4B45D27DE61B4890B6896DA3 /* Debug */ = {
                     isa = XCBuildConfiguration;
                     buildSettings = {
                            COMBINE_HIDPI_IMAGES = YES;
                            GCC_GENERATE_DEBUGGING_SYMBOLS = NO;
                            GCC_INLINES_ARE_PRIVATE_EXTERN = NO;
                            GCC_OPTIMIZATION_LEVEL = 0;
                            GCC_PREPROCESSOR_DEFINITIONS = ("'CMAKE_INTDIR=\"$(CONFIGURATION)$(EFFECTIVE_PLATFORM_NAME)\"'", QT_NO_KEYWORDS, QT_DLL, QT_OPENGL_LIB, QT_GUI_LIB, QT_CORE_LIB, _DEBUG, QT_DEBUG, "'CMAKE_INTDIR=\"Debug\"'", );
                            GCC_SYMBOLS_PRIVATE_EXTERN = NO;
                            HEADER_SEARCH_PATHS = (/Users/tim/Documents/Programming/HarmonicMotion/HarmonicMotionGui/src, "/Users/tim/Documents/Programming/HarmonicMotion/HarmonicMotionGui/src/../../include", "/Users/tim/Documents/Programming/HarmonicMotion/HarmonicMotionGui/src/../../../Cinder/include", "/Users/tim/Documents/Programming/HarmonicMotion/HarmonicMotionGui/src/../../../Cinder/boost", "/Users/tim/Documents/Programming/HarmonicMotion/HarmonicMotionGui/src/../../lib/CinderBlocks/BlockOpenNI/include/Include", "/Users/tim/Documents/Programming/HarmonicMotion/HarmonicMotionGui/src/../../lib/CinderBlocks/OSC/src", );
                            INSTALL_PATH = "";
                            OTHER_CFLAGS = "  ";
                            OTHER_LDFLAGS = " ";
                            OTHER_REZFLAGS = "";
                            PRODUCT_NAME = ZERO_CHECK;
                            SECTORDER_FLAGS = "";
                            SYMROOT = /Users/tim/Documents/Programming/HarmonicMotion/HarmonicMotionGui/xcode;
                            USE_HEADERMAP = NO;
                            WARNING_CFLAGS = ("-Wmost", "-Wno-four-char-constants", "-Wno-unknown-pragmas", );
                     };
                     name = Debug;
              };
              C7ABB39C108A4F24B823735C /* Release */ = {
                     isa = XCBuildConfiguration;
                     buildSettings = {
                            COMBINE_HIDPI_IMAGES = YES;
                            GCC_GENERATE_DEBUGGING_SYMBOLS = NO;
                            GCC_INLINES_ARE_PRIVATE_EXTERN = NO;
                            GCC_OPTIMIZATION_LEVEL = 0;
                            GCC_PREPROCESSOR_DEFINITIONS = ("'CMAKE_INTDIR=\"$(CONFIGURATION)$(EFFECTIVE_PLATFORM_NAME)\"'", QT_NO_KEYWORDS, QT_DLL, QT_OPENGL_LIB, QT_GUI_LIB, QT_CORE_LIB, );
                            GCC_SYMBOLS_PRIVATE_EXTERN = NO;
                            HEADER_SEARCH_PATHS = (/Users/tim/Documents/Programming/HarmonicMotion/HarmonicMotionGui/src, "/Users/tim/Documents/Programming/HarmonicMotion/HarmonicMotionGui/src/../../include", "/Users/tim/Documents/Programming/HarmonicMotion/HarmonicMotionGui/src/../../../Cinder/include", "/Users/tim/Documents/Programming/HarmonicMotion/HarmonicMotionGui/src/../../../Cinder/boost", "/Users/tim/Documents/Programming/HarmonicMotion/HarmonicMotionGui/src/../../lib/CinderBlocks/BlockOpenNI/include/Include", "/Users/tim/Documents/Programming/HarmonicMotion/HarmonicMotionGui/src/../../lib/CinderBlocks/OSC/src", );
                            INSTALL_PATH = "";
                            OTHER_CFLAGS = "  ";
                            OTHER_LDFLAGS = " ";
                            OTHER_REZFLAGS = "";
                            PRODUCT_NAME = ZERO_CHECK;
                            SECTORDER_FLAGS = "";
                            SYMROOT = /Users/tim/Documents/Programming/HarmonicMotion/HarmonicMotionGui/xcode;
                            USE_HEADERMAP = NO;
                            WARNING_CFLAGS = ("-Wmost", "-Wno-four-char-constants", "-Wno-unknown-pragmas", );
                     };
                     name = Release;
              };
/* End XCBuildConfiguration section */

/* Begin XCConfigurationList section */
              E8198B3D31634F58A422D632 /* Build configuration list for PBXProject  "HarmonicMotionGui" */ = {
                     isa = XCConfigurationList;
                     buildConfigurations = (
                            413353873D5A4C8EB7E44172 /* Debug */,
                            AE71092798B049C285765FDE /* Release */,
                     );
                     defaultConfigurationIsVisible = 0;
                     defaultConfigurationName = Debug;
              };
              C45F46AAA42043E59C1B9642 /* Build configuration list for PBXAggregateTarget "ALL_BUILD" */ = {
                     isa = XCConfigurationList;
                     buildConfigurations = (
                            1314FD32C119418782138C2C /* Debug */,
                            81DFC6E9523E49F1BB6718EC /* Release */,
                     );
                     defaultConfigurationIsVisible = 0;
                     defaultConfigurationName = Debug;
              };
              63D51C44A8294880A9DD25D8 /* Build configuration list for PBXNativeTarget "HarmonicMotionGui" */ = {
                     isa = XCConfigurationList;
                     buildConfigurations = (
                            A3D266AA16A5485393FF0C71 /* Debug */,
                            8FFAFE11F8C74631A3C2A75C /* Release */,
                     );
                     defaultConfigurationIsVisible = 0;
                     defaultConfigurationName = Debug;
              };
              4C53462D53FC44258E01A06C /* Build configuration list for PBXAggregateTarget "HarmonicMotionGui_automoc" */ = {
                     isa = XCConfigurationList;
                     buildConfigurations = (
                            E09703EA53A1454EA83162B7 /* Debug */,
                            2ED5329CBAC1421CB3A4C11B /* Release */,
                     );
                     defaultConfigurationIsVisible = 0;
                     defaultConfigurationName = Debug;
              };
              9D3F5D4D9EE84FABA288CAD8 /* Build configuration list for PBXAggregateTarget "ZERO_CHECK" */ = {
                     isa = XCConfigurationList;
                     buildConfigurations = (
                            4B45D27DE61B4890B6896DA3 /* Debug */,
                            C7ABB39C108A4F24B823735C /* Release */,
                     );
                     defaultConfigurationIsVisible = 0;
                     defaultConfigurationName = Debug;
              };
/* End XCConfigurationList section */
       };
       rootObject = 76573120E2CA47E6B6B0D7C0;
}
